// !$*UTF8*$!
{
	archiveVersion = 1;
	classes = {
	};
	objectVersion = 50;
	objects = {

/* Begin PBXBuildFile section */
		B510707DB2158DF8CA1855B0 /* Pods_HidesNight.framework in Frameworks */ = {isa = PBXBuildFile; fileRef = E374076B8F5F10F7CF88F2CD /* Pods_HidesNight.framework */; };
		B7DE62A121CC18E100AC0113 /* SignUpVC-initUI.swift in Sources */ = {isa = PBXBuildFile; fileRef = B7DE62A021CC18E100AC0113 /* SignUpVC-initUI.swift */; };
		B7DE62A321CC1D9800AC0113 /* SignUpVC-system.swift in Sources */ = {isa = PBXBuildFile; fileRef = B7DE62A221CC1D9800AC0113 /* SignUpVC-system.swift */; };
		B7DE62A521CC336600AC0113 /* SignUpVC-photopicker.swift in Sources */ = {isa = PBXBuildFile; fileRef = B7DE62A421CC336600AC0113 /* SignUpVC-photopicker.swift */; };
		B7DE62B621CCC39900AC0113 /* LabeledTextField.swift in Sources */ = {isa = PBXBuildFile; fileRef = B7DE62B521CCC39900AC0113 /* LabeledTextField.swift */; };
		B7DE62B921CCE28A00AC0113 /* ShakingViews.swift in Sources */ = {isa = PBXBuildFile; fileRef = B7DE62B821CCE28A00AC0113 /* ShakingViews.swift */; };
		B7DE62BB21CCE86000AC0113 /* SignUpVC-validators.swift in Sources */ = {isa = PBXBuildFile; fileRef = B7DE62BA21CCE86000AC0113 /* SignUpVC-validators.swift */; };
		B7DE62BD21CDCD7500AC0113 /* FirebaseReady.swift in Sources */ = {isa = PBXBuildFile; fileRef = B7DE62BC21CDCD7500AC0113 /* FirebaseReady.swift */; };
		B7EB127321CAEDC100C1DEB7 /* AppDelegate.swift in Sources */ = {isa = PBXBuildFile; fileRef = B7EB127221CAEDC100C1DEB7 /* AppDelegate.swift */; };
		B7EB127821CAEDC100C1DEB7 /* Main.storyboard in Resources */ = {isa = PBXBuildFile; fileRef = B7EB127621CAEDC100C1DEB7 /* Main.storyboard */; };
		B7EB127A21CAEDC200C1DEB7 /* Assets.xcassets in Resources */ = {isa = PBXBuildFile; fileRef = B7EB127921CAEDC200C1DEB7 /* Assets.xcassets */; };
		B7EB127D21CAEDC200C1DEB7 /* LaunchScreen.storyboard in Resources */ = {isa = PBXBuildFile; fileRef = B7EB127B21CAEDC200C1DEB7 /* LaunchScreen.storyboard */; };
		B7EB128821CAEDC200C1DEB7 /* HidesNightTests.swift in Sources */ = {isa = PBXBuildFile; fileRef = B7EB128721CAEDC200C1DEB7 /* HidesNightTests.swift */; };
		B7EB129321CAEDC200C1DEB7 /* HidesNightUITests.swift in Sources */ = {isa = PBXBuildFile; fileRef = B7EB129221CAEDC200C1DEB7 /* HidesNightUITests.swift */; };
		B7EB12B621CB3A0D00C1DEB7 /* Constants.swift in Sources */ = {isa = PBXBuildFile; fileRef = B7EB12B521CB3A0D00C1DEB7 /* Constants.swift */; };
		B7EB12BA21CB3A4900C1DEB7 /* LoginVC-main.swift in Sources */ = {isa = PBXBuildFile; fileRef = B7EB12B921CB3A4900C1DEB7 /* LoginVC-main.swift */; };
		B7EB12BC21CB70E500C1DEB7 /* GoogleService-Info.plist in Resources */ = {isa = PBXBuildFile; fileRef = B7EB12BB21CB70E500C1DEB7 /* GoogleService-Info.plist */; };
		B7EB12BE21CB74C800C1DEB7 /* LaunchVC.swift in Sources */ = {isa = PBXBuildFile; fileRef = B7EB12BD21CB74C800C1DEB7 /* LaunchVC.swift */; };
		B7EB12C221CB816D00C1DEB7 /* luckiest-guy.regular.ttf in Resources */ = {isa = PBXBuildFile; fileRef = B7EB12C121CB814D00C1DEB7 /* luckiest-guy.regular.ttf */; };
		B7EB12C421CB883B00C1DEB7 /* Launch-logic.swift in Sources */ = {isa = PBXBuildFile; fileRef = B7EB12C321CB883B00C1DEB7 /* Launch-logic.swift */; };
		B7EB12C621CB888E00C1DEB7 /* FirebaseAPIClient.swift in Sources */ = {isa = PBXBuildFile; fileRef = B7EB12C521CB888E00C1DEB7 /* FirebaseAPIClient.swift */; };
		B7EB12C821CB898A00C1DEB7 /* User.swift in Sources */ = {isa = PBXBuildFile; fileRef = B7EB12C721CB898A00C1DEB7 /* User.swift */; };
		B7EB12CB21CB89CF00C1DEB7 /* Game.swift in Sources */ = {isa = PBXBuildFile; fileRef = B7EB12CA21CB89CF00C1DEB7 /* Game.swift */; };
		B7EB12CD21CB9D1000C1DEB7 /* LoginVC-initUI.swift in Sources */ = {isa = PBXBuildFile; fileRef = B7EB12CC21CB9D1000C1DEB7 /* LoginVC-initUI.swift */; };
		B7EB12CF21CBA10E00C1DEB7 /* LoginVC-system.swift in Sources */ = {isa = PBXBuildFile; fileRef = B7EB12CE21CBA10E00C1DEB7 /* LoginVC-system.swift */; };
		B7EB12D121CBA76400C1DEB7 /* LoginVC-logic.swift in Sources */ = {isa = PBXBuildFile; fileRef = B7EB12D021CBA76400C1DEB7 /* LoginVC-logic.swift */; };
		B7EB12D321CBAA7B00C1DEB7 /* SignUpVC-main.swift in Sources */ = {isa = PBXBuildFile; fileRef = B7EB12D221CBAA7B00C1DEB7 /* SignUpVC-main.swift */; };
		B7EB12DA21CC137D00C1DEB7 /* SignUpVC-logic.swift in Sources */ = {isa = PBXBuildFile; fileRef = B7EB12D921CC137D00C1DEB7 /* SignUpVC-logic.swift */; };
/* End PBXBuildFile section */

/* Begin PBXContainerItemProxy section */
		B7EB128421CAEDC200C1DEB7 /* PBXContainerItemProxy */ = {
			isa = PBXContainerItemProxy;
			containerPortal = B7EB126721CAEDC100C1DEB7 /* Project object */;
			proxyType = 1;
			remoteGlobalIDString = B7EB126E21CAEDC100C1DEB7;
			remoteInfo = HidesNight;
		};
		B7EB128F21CAEDC200C1DEB7 /* PBXContainerItemProxy */ = {
			isa = PBXContainerItemProxy;
			containerPortal = B7EB126721CAEDC100C1DEB7 /* Project object */;
			proxyType = 1;
			remoteGlobalIDString = B7EB126E21CAEDC100C1DEB7;
			remoteInfo = HidesNight;
		};
/* End PBXContainerItemProxy section */

/* Begin PBXFileReference section */
		5F8E0FA6BCCAF3B2A9718307 /* Pods_HidesNightTests.framework */ = {isa = PBXFileReference; explicitFileType = wrapper.framework; includeInIndex = 0; path = Pods_HidesNightTests.framework; sourceTree = BUILT_PRODUCTS_DIR; };
		8A999FB6EB8984DAF1891260 /* Pods_HidesNightUITests.framework */ = {isa = PBXFileReference; explicitFileType = wrapper.framework; includeInIndex = 0; path = Pods_HidesNightUITests.framework; sourceTree = BUILT_PRODUCTS_DIR; };
		B7DE62A021CC18E100AC0113 /* SignUpVC-initUI.swift */ = {isa = PBXFileReference; lastKnownFileType = sourcecode.swift; name = "SignUpVC-initUI.swift"; path = "/Users/ajaymerchia/wkspc/ios/hidesnight/HidesNight/HidesNight/ViewControllers/SignUpScreen/SignUpVC-initUI.swift"; sourceTree = "<absolute>"; };
		B7DE62A221CC1D9800AC0113 /* SignUpVC-system.swift */ = {isa = PBXFileReference; lastKnownFileType = sourcecode.swift; path = "SignUpVC-system.swift"; sourceTree = "<group>"; };
		B7DE62A421CC336600AC0113 /* SignUpVC-photopicker.swift */ = {isa = PBXFileReference; lastKnownFileType = sourcecode.swift; path = "SignUpVC-photopicker.swift"; sourceTree = "<group>"; };
		B7DE62B521CCC39900AC0113 /* LabeledTextField.swift */ = {isa = PBXFileReference; lastKnownFileType = sourcecode.swift; name = LabeledTextField.swift; path = /Users/ajaymerchia/wkspc/ios/hidesnight/HidesNight/HidesNight/LabeledTextField.swift; sourceTree = "<absolute>"; };
		B7DE62B821CCE28A00AC0113 /* ShakingViews.swift */ = {isa = PBXFileReference; lastKnownFileType = sourcecode.swift; path = ShakingViews.swift; sourceTree = "<group>"; };
		B7DE62BA21CCE86000AC0113 /* SignUpVC-validators.swift */ = {isa = PBXFileReference; lastKnownFileType = sourcecode.swift; path = "SignUpVC-validators.swift"; sourceTree = "<group>"; };
		B7DE62BC21CDCD7500AC0113 /* FirebaseReady.swift */ = {isa = PBXFileReference; lastKnownFileType = sourcecode.swift; path = FirebaseReady.swift; sourceTree = "<group>"; };
		B7EB126F21CAEDC100C1DEB7 /* HidesNight.app */ = {isa = PBXFileReference; explicitFileType = wrapper.application; includeInIndex = 0; path = HidesNight.app; sourceTree = BUILT_PRODUCTS_DIR; };
		B7EB127221CAEDC100C1DEB7 /* AppDelegate.swift */ = {isa = PBXFileReference; lastKnownFileType = sourcecode.swift; path = AppDelegate.swift; sourceTree = "<group>"; };
		B7EB127721CAEDC100C1DEB7 /* Base */ = {isa = PBXFileReference; lastKnownFileType = file.storyboard; name = Base; path = Base.lproj/Main.storyboard; sourceTree = "<group>"; };
		B7EB127921CAEDC200C1DEB7 /* Assets.xcassets */ = {isa = PBXFileReference; lastKnownFileType = folder.assetcatalog; path = Assets.xcassets; sourceTree = "<group>"; };
		B7EB127C21CAEDC200C1DEB7 /* Base */ = {isa = PBXFileReference; lastKnownFileType = file.storyboard; name = Base; path = Base.lproj/LaunchScreen.storyboard; sourceTree = "<group>"; };
		B7EB127E21CAEDC200C1DEB7 /* Info.plist */ = {isa = PBXFileReference; lastKnownFileType = text.plist.xml; path = Info.plist; sourceTree = "<group>"; };
		B7EB128321CAEDC200C1DEB7 /* HidesNightTests.xctest */ = {isa = PBXFileReference; explicitFileType = wrapper.cfbundle; includeInIndex = 0; path = HidesNightTests.xctest; sourceTree = BUILT_PRODUCTS_DIR; };
		B7EB128721CAEDC200C1DEB7 /* HidesNightTests.swift */ = {isa = PBXFileReference; lastKnownFileType = sourcecode.swift; path = HidesNightTests.swift; sourceTree = "<group>"; };
		B7EB128921CAEDC200C1DEB7 /* Info.plist */ = {isa = PBXFileReference; lastKnownFileType = text.plist.xml; path = Info.plist; sourceTree = "<group>"; };
		B7EB128E21CAEDC200C1DEB7 /* HidesNightUITests.xctest */ = {isa = PBXFileReference; explicitFileType = wrapper.cfbundle; includeInIndex = 0; path = HidesNightUITests.xctest; sourceTree = BUILT_PRODUCTS_DIR; };
		B7EB129221CAEDC200C1DEB7 /* HidesNightUITests.swift */ = {isa = PBXFileReference; lastKnownFileType = sourcecode.swift; path = HidesNightUITests.swift; sourceTree = "<group>"; };
		B7EB129421CAEDC200C1DEB7 /* Info.plist */ = {isa = PBXFileReference; lastKnownFileType = text.plist.xml; path = Info.plist; sourceTree = "<group>"; };
		B7EB12B521CB3A0D00C1DEB7 /* Constants.swift */ = {isa = PBXFileReference; fileEncoding = 4; lastKnownFileType = sourcecode.swift; name = Constants.swift; path = HidesNight/Resources/Constants.swift; sourceTree = SOURCE_ROOT; };
		B7EB12B921CB3A4900C1DEB7 /* LoginVC-main.swift */ = {isa = PBXFileReference; fileEncoding = 4; lastKnownFileType = sourcecode.swift; name = "LoginVC-main.swift"; path = "HidesNight/ViewControllers/LoginScreen/LoginVC-main.swift"; sourceTree = SOURCE_ROOT; };
		B7EB12BB21CB70E500C1DEB7 /* GoogleService-Info.plist */ = {isa = PBXFileReference; fileEncoding = 4; lastKnownFileType = text.plist.xml; path = "GoogleService-Info.plist"; sourceTree = "<group>"; };
		B7EB12BD21CB74C800C1DEB7 /* LaunchVC.swift */ = {isa = PBXFileReference; lastKnownFileType = sourcecode.swift; path = LaunchVC.swift; sourceTree = "<group>"; };
		B7EB12C121CB814D00C1DEB7 /* luckiest-guy.regular.ttf */ = {isa = PBXFileReference; lastKnownFileType = file; path = "luckiest-guy.regular.ttf"; sourceTree = "<group>"; };
		B7EB12C321CB883B00C1DEB7 /* Launch-logic.swift */ = {isa = PBXFileReference; lastKnownFileType = sourcecode.swift; path = "Launch-logic.swift"; sourceTree = "<group>"; };
		B7EB12C521CB888E00C1DEB7 /* FirebaseAPIClient.swift */ = {isa = PBXFileReference; lastKnownFileType = sourcecode.swift; path = FirebaseAPIClient.swift; sourceTree = "<group>"; };
		B7EB12C721CB898A00C1DEB7 /* User.swift */ = {isa = PBXFileReference; lastKnownFileType = sourcecode.swift; path = User.swift; sourceTree = "<group>"; };
		B7EB12CA21CB89CF00C1DEB7 /* Game.swift */ = {isa = PBXFileReference; lastKnownFileType = sourcecode.swift; path = Game.swift; sourceTree = "<group>"; };
		B7EB12CC21CB9D1000C1DEB7 /* LoginVC-initUI.swift */ = {isa = PBXFileReference; lastKnownFileType = sourcecode.swift; path = "LoginVC-initUI.swift"; sourceTree = "<group>"; };
		B7EB12CE21CBA10E00C1DEB7 /* LoginVC-system.swift */ = {isa = PBXFileReference; lastKnownFileType = sourcecode.swift; path = "LoginVC-system.swift"; sourceTree = "<group>"; };
		B7EB12D021CBA76400C1DEB7 /* LoginVC-logic.swift */ = {isa = PBXFileReference; lastKnownFileType = sourcecode.swift; path = "LoginVC-logic.swift"; sourceTree = "<group>"; };
		B7EB12D221CBAA7B00C1DEB7 /* SignUpVC-main.swift */ = {isa = PBXFileReference; lastKnownFileType = sourcecode.swift; path = "SignUpVC-main.swift"; sourceTree = "<group>"; };
		B7EB12D921CC137D00C1DEB7 /* SignUpVC-logic.swift */ = {isa = PBXFileReference; lastKnownFileType = sourcecode.swift; path = "SignUpVC-logic.swift"; sourceTree = "<group>"; };
		BB83551C7A5051851C018E41 /* Pods-HidesNight.debug.xcconfig */ = {isa = PBXFileReference; includeInIndex = 1; lastKnownFileType = text.xcconfig; name = "Pods-HidesNight.debug.xcconfig"; path = "Pods/Target Support Files/Pods-HidesNight/Pods-HidesNight.debug.xcconfig"; sourceTree = "<group>"; };
		DD9AE1CC1A178A8C1CF1532E /* Pods-HidesNight.release.xcconfig */ = {isa = PBXFileReference; includeInIndex = 1; lastKnownFileType = text.xcconfig; name = "Pods-HidesNight.release.xcconfig"; path = "Pods/Target Support Files/Pods-HidesNight/Pods-HidesNight.release.xcconfig"; sourceTree = "<group>"; };
		E374076B8F5F10F7CF88F2CD /* Pods_HidesNight.framework */ = {isa = PBXFileReference; explicitFileType = wrapper.framework; includeInIndex = 0; path = Pods_HidesNight.framework; sourceTree = BUILT_PRODUCTS_DIR; };
/* End PBXFileReference section */

/* Begin PBXFrameworksBuildPhase section */
		B7EB126C21CAEDC100C1DEB7 /* Frameworks */ = {
			isa = PBXFrameworksBuildPhase;
			buildActionMask = 2147483647;
			files = (
				B510707DB2158DF8CA1855B0 /* Pods_HidesNight.framework in Frameworks */,
			);
			runOnlyForDeploymentPostprocessing = 0;
		};
		B7EB128021CAEDC200C1DEB7 /* Frameworks */ = {
			isa = PBXFrameworksBuildPhase;
			buildActionMask = 2147483647;
			files = (
			);
			runOnlyForDeploymentPostprocessing = 0;
		};
		B7EB128B21CAEDC200C1DEB7 /* Frameworks */ = {
			isa = PBXFrameworksBuildPhase;
			buildActionMask = 2147483647;
			files = (
			);
			runOnlyForDeploymentPostprocessing = 0;
		};
/* End PBXFrameworksBuildPhase section */

/* Begin PBXGroup section */
		1471DDCB8FD30E14E7266DD7 /* Frameworks */ = {
			isa = PBXGroup;
			children = (
				E374076B8F5F10F7CF88F2CD /* Pods_HidesNight.framework */,
				5F8E0FA6BCCAF3B2A9718307 /* Pods_HidesNightTests.framework */,
				8A999FB6EB8984DAF1891260 /* Pods_HidesNightUITests.framework */,
			);
			name = Frameworks;
			sourceTree = "<group>";
		};
		842522D14386A3BCF61676E8 /* Pods */ = {
			isa = PBXGroup;
			children = (
				BB83551C7A5051851C018E41 /* Pods-HidesNight.debug.xcconfig */,
				DD9AE1CC1A178A8C1CF1532E /* Pods-HidesNight.release.xcconfig */,
			);
			name = Pods;
			sourceTree = "<group>";
		};
		B7DE62B721CCC3A500AC0113 /* Views */ = {
			isa = PBXGroup;
			children = (
				B7DE62B521CCC39900AC0113 /* LabeledTextField.swift */,
				B7DE62B821CCE28A00AC0113 /* ShakingViews.swift */,
			);
			path = Views;
			sourceTree = "<group>";
		};
		B7DE62BE21CDCD7B00AC0113 /* Protocols */ = {
			isa = PBXGroup;
			children = (
				B7DE62BC21CDCD7500AC0113 /* FirebaseReady.swift */,
			);
			path = Protocols;
			sourceTree = "<group>";
		};
		B7DE62BF21CE0C7200AC0113 /* Helpers */ = {
			isa = PBXGroup;
			children = (
				B7EB12C521CB888E00C1DEB7 /* FirebaseAPIClient.swift */,
			);
			path = Helpers;
			sourceTree = "<group>";
		};
		B7EB126621CAEDC100C1DEB7 = {
			isa = PBXGroup;
			children = (
				B7EB127121CAEDC100C1DEB7 /* HidesNight */,
				B7EB128621CAEDC200C1DEB7 /* HidesNightTests */,
				B7EB129121CAEDC200C1DEB7 /* HidesNightUITests */,
				B7EB127021CAEDC100C1DEB7 /* Products */,
				842522D14386A3BCF61676E8 /* Pods */,
				1471DDCB8FD30E14E7266DD7 /* Frameworks */,
			);
			sourceTree = "<group>";
		};
		B7EB127021CAEDC100C1DEB7 /* Products */ = {
			isa = PBXGroup;
			children = (
				B7EB126F21CAEDC100C1DEB7 /* HidesNight.app */,
				B7EB128321CAEDC200C1DEB7 /* HidesNightTests.xctest */,
				B7EB128E21CAEDC200C1DEB7 /* HidesNightUITests.xctest */,
			);
			name = Products;
			sourceTree = "<group>";
		};
		B7EB127121CAEDC100C1DEB7 /* HidesNight */ = {
			isa = PBXGroup;
			children = (
				B7EB127221CAEDC100C1DEB7 /* AppDelegate.swift */,
				B7EB127921CAEDC200C1DEB7 /* Assets.xcassets */,
				B7DE62BE21CDCD7B00AC0113 /* Protocols */,
				B7DE62BF21CE0C7200AC0113 /* Helpers */,
				B7EB12C921CB898D00C1DEB7 /* Models */,
				B7DE62B721CCC3A500AC0113 /* Views */,
				B7EB12B221CB36D000C1DEB7 /* Resources */,
				B7EB12B821CB3A2800C1DEB7 /* ViewControllers */,
				B7EB12B721CB3A1600C1DEB7 /* Storyboards */,
				B7EB127E21CAEDC200C1DEB7 /* Info.plist */,
				B7EB12BB21CB70E500C1DEB7 /* GoogleService-Info.plist */,
			);
			path = HidesNight;
			sourceTree = "<group>";
		};
		B7EB128621CAEDC200C1DEB7 /* HidesNightTests */ = {
			isa = PBXGroup;
			children = (
				B7EB128721CAEDC200C1DEB7 /* HidesNightTests.swift */,
				B7EB128921CAEDC200C1DEB7 /* Info.plist */,
			);
			path = HidesNightTests;
			sourceTree = "<group>";
		};
		B7EB129121CAEDC200C1DEB7 /* HidesNightUITests */ = {
			isa = PBXGroup;
			children = (
				B7EB129221CAEDC200C1DEB7 /* HidesNightUITests.swift */,
				B7EB129421CAEDC200C1DEB7 /* Info.plist */,
			);
			path = HidesNightUITests;
			sourceTree = "<group>";
		};
		B7EB12B221CB36D000C1DEB7 /* Resources */ = {
			isa = PBXGroup;
			children = (
				B7EB12B521CB3A0D00C1DEB7 /* Constants.swift */,
				B7EB12C121CB814D00C1DEB7 /* luckiest-guy.regular.ttf */,
			);
			path = Resources;
			sourceTree = "<group>";
		};
		B7EB12B721CB3A1600C1DEB7 /* Storyboards */ = {
			isa = PBXGroup;
			children = (
				B7EB127621CAEDC100C1DEB7 /* Main.storyboard */,
				B7EB127B21CAEDC200C1DEB7 /* LaunchScreen.storyboard */,
			);
			path = Storyboards;
			sourceTree = "<group>";
		};
		B7EB12B821CB3A2800C1DEB7 /* ViewControllers */ = {
			isa = PBXGroup;
			children = (
				B7EB12BF21CB74CF00C1DEB7 /* LaunchScreen */,
				B7EB12C021CB74E500C1DEB7 /* LoginScreen */,
				B7EB12D421CBAA8300C1DEB7 /* SignUpScreen */,
			);
			path = ViewControllers;
			sourceTree = "<group>";
		};
		B7EB12BF21CB74CF00C1DEB7 /* LaunchScreen */ = {
			isa = PBXGroup;
			children = (
				B7EB12BD21CB74C800C1DEB7 /* LaunchVC.swift */,
				B7EB12C321CB883B00C1DEB7 /* Launch-logic.swift */,
			);
			path = LaunchScreen;
			sourceTree = "<group>";
		};
		B7EB12C021CB74E500C1DEB7 /* LoginScreen */ = {
			isa = PBXGroup;
			children = (
				B7EB12B921CB3A4900C1DEB7 /* LoginVC-main.swift */,
				B7EB12CC21CB9D1000C1DEB7 /* LoginVC-initUI.swift */,
				B7EB12CE21CBA10E00C1DEB7 /* LoginVC-system.swift */,
				B7EB12D021CBA76400C1DEB7 /* LoginVC-logic.swift */,
			);
			path = LoginScreen;
			sourceTree = "<group>";
		};
		B7EB12C921CB898D00C1DEB7 /* Models */ = {
			isa = PBXGroup;
			children = (
				B7EB12C721CB898A00C1DEB7 /* User.swift */,
				B7EB12CA21CB89CF00C1DEB7 /* Game.swift */,
			);
			path = Models;
			sourceTree = "<group>";
		};
		B7EB12D421CBAA8300C1DEB7 /* SignUpScreen */ = {
			isa = PBXGroup;
			children = (
				B7EB12D221CBAA7B00C1DEB7 /* SignUpVC-main.swift */,
				B7DE62A021CC18E100AC0113 /* SignUpVC-initUI.swift */,
				B7DE62A221CC1D9800AC0113 /* SignUpVC-system.swift */,
				B7EB12D921CC137D00C1DEB7 /* SignUpVC-logic.swift */,
				B7DE62BA21CCE86000AC0113 /* SignUpVC-validators.swift */,
				B7DE62A421CC336600AC0113 /* SignUpVC-photopicker.swift */,
			);
			path = SignUpScreen;
			sourceTree = "<group>";
		};
/* End PBXGroup section */

/* Begin PBXNativeTarget section */
		B7EB126E21CAEDC100C1DEB7 /* HidesNight */ = {
			isa = PBXNativeTarget;
			buildConfigurationList = B7EB129721CAEDC200C1DEB7 /* Build configuration list for PBXNativeTarget "HidesNight" */;
			buildPhases = (
				EED6A187BCB6121956E4C8B5 /* [CP] Check Pods Manifest.lock */,
				B7EB126B21CAEDC100C1DEB7 /* Sources */,
				B7EB126C21CAEDC100C1DEB7 /* Frameworks */,
				B7EB126D21CAEDC100C1DEB7 /* Resources */,
				CF21B153F3BEE48B15BA4718 /* [CP] Embed Pods Frameworks */,
			);
			buildRules = (
			);
			dependencies = (
			);
			name = HidesNight;
			productName = HidesNight;
			productReference = B7EB126F21CAEDC100C1DEB7 /* HidesNight.app */;
			productType = "com.apple.product-type.application";
		};
		B7EB128221CAEDC200C1DEB7 /* HidesNightTests */ = {
			isa = PBXNativeTarget;
			buildConfigurationList = B7EB129A21CAEDC200C1DEB7 /* Build configuration list for PBXNativeTarget "HidesNightTests" */;
			buildPhases = (
				B7EB127F21CAEDC200C1DEB7 /* Sources */,
				B7EB128021CAEDC200C1DEB7 /* Frameworks */,
				B7EB128121CAEDC200C1DEB7 /* Resources */,
			);
			buildRules = (
			);
			dependencies = (
				B7EB128521CAEDC200C1DEB7 /* PBXTargetDependency */,
			);
			name = HidesNightTests;
			productName = HidesNightTests;
			productReference = B7EB128321CAEDC200C1DEB7 /* HidesNightTests.xctest */;
			productType = "com.apple.product-type.bundle.unit-test";
		};
		B7EB128D21CAEDC200C1DEB7 /* HidesNightUITests */ = {
			isa = PBXNativeTarget;
			buildConfigurationList = B7EB129D21CAEDC200C1DEB7 /* Build configuration list for PBXNativeTarget "HidesNightUITests" */;
			buildPhases = (
				B7EB128A21CAEDC200C1DEB7 /* Sources */,
				B7EB128B21CAEDC200C1DEB7 /* Frameworks */,
				B7EB128C21CAEDC200C1DEB7 /* Resources */,
			);
			buildRules = (
			);
			dependencies = (
				B7EB129021CAEDC200C1DEB7 /* PBXTargetDependency */,
			);
			name = HidesNightUITests;
			productName = HidesNightUITests;
			productReference = B7EB128E21CAEDC200C1DEB7 /* HidesNightUITests.xctest */;
			productType = "com.apple.product-type.bundle.ui-testing";
		};
/* End PBXNativeTarget section */

/* Begin PBXProject section */
		B7EB126721CAEDC100C1DEB7 /* Project object */ = {
			isa = PBXProject;
			attributes = {
				LastSwiftUpdateCheck = 1010;
				LastUpgradeCheck = 1010;
				ORGANIZATIONNAME = "Ajay Merchia";
				TargetAttributes = {
					B7EB126E21CAEDC100C1DEB7 = {
						CreatedOnToolsVersion = 10.1;
					};
					B7EB128221CAEDC200C1DEB7 = {
						CreatedOnToolsVersion = 10.1;
						TestTargetID = B7EB126E21CAEDC100C1DEB7;
					};
					B7EB128D21CAEDC200C1DEB7 = {
						CreatedOnToolsVersion = 10.1;
						TestTargetID = B7EB126E21CAEDC100C1DEB7;
					};
				};
			};
			buildConfigurationList = B7EB126A21CAEDC100C1DEB7 /* Build configuration list for PBXProject "HidesNight" */;
			compatibilityVersion = "Xcode 9.3";
			developmentRegion = en;
			hasScannedForEncodings = 0;
			knownRegions = (
				en,
				Base,
			);
			mainGroup = B7EB126621CAEDC100C1DEB7;
			productRefGroup = B7EB127021CAEDC100C1DEB7 /* Products */;
			projectDirPath = "";
			projectRoot = "";
			targets = (
				B7EB126E21CAEDC100C1DEB7 /* HidesNight */,
				B7EB128221CAEDC200C1DEB7 /* HidesNightTests */,
				B7EB128D21CAEDC200C1DEB7 /* HidesNightUITests */,
			);
		};
/* End PBXProject section */

/* Begin PBXResourcesBuildPhase section */
		B7EB126D21CAEDC100C1DEB7 /* Resources */ = {
			isa = PBXResourcesBuildPhase;
			buildActionMask = 2147483647;
			files = (
				B7EB127D21CAEDC200C1DEB7 /* LaunchScreen.storyboard in Resources */,
				B7EB12BC21CB70E500C1DEB7 /* GoogleService-Info.plist in Resources */,
				B7EB12C221CB816D00C1DEB7 /* luckiest-guy.regular.ttf in Resources */,
				B7EB127A21CAEDC200C1DEB7 /* Assets.xcassets in Resources */,
				B7EB127821CAEDC100C1DEB7 /* Main.storyboard in Resources */,
			);
			runOnlyForDeploymentPostprocessing = 0;
		};
		B7EB128121CAEDC200C1DEB7 /* Resources */ = {
			isa = PBXResourcesBuildPhase;
			buildActionMask = 2147483647;
			files = (
			);
			runOnlyForDeploymentPostprocessing = 0;
		};
		B7EB128C21CAEDC200C1DEB7 /* Resources */ = {
			isa = PBXResourcesBuildPhase;
			buildActionMask = 2147483647;
			files = (
			);
			runOnlyForDeploymentPostprocessing = 0;
		};
/* End PBXResourcesBuildPhase section */

/* Begin PBXShellScriptBuildPhase section */
		CF21B153F3BEE48B15BA4718 /* [CP] Embed Pods Frameworks */ = {
			isa = PBXShellScriptBuildPhase;
			buildActionMask = 2147483647;
			files = (
			);
			inputFileListPaths = (
			);
			inputPaths = (
				"${PODS_ROOT}/Target Support Files/Pods-HidesNight/Pods-HidesNight-frameworks.sh",
				"${BUILT_PRODUCTS_DIR}/Alamofire/Alamofire.framework",
				"${BUILT_PRODUCTS_DIR}/ChameleonFramework/ChameleonFramework.framework",
				"${BUILT_PRODUCTS_DIR}/GTMSessionFetcher/GTMSessionFetcher.framework",
				"${BUILT_PRODUCTS_DIR}/GoogleUtilities/GoogleUtilities.framework",
				"${BUILT_PRODUCTS_DIR}/IQKeyboardManager/IQKeyboardManager.framework",
				"${BUILT_PRODUCTS_DIR}/JGProgressHUD/JGProgressHUD.framework",
				"${BUILT_PRODUCTS_DIR}/SkyFloatingLabelTextField/SkyFloatingLabelTextField.framework",
				"${BUILT_PRODUCTS_DIR}/SwiftyJSON/SwiftyJSON.framework",
				"${BUILT_PRODUCTS_DIR}/iosManagers/iosManagers.framework",
				"${BUILT_PRODUCTS_DIR}/leveldb-library/leveldb.framework",
				"${BUILT_PRODUCTS_DIR}/nanopb/nanopb.framework",
			);
			name = "[CP] Embed Pods Frameworks";
			outputFileListPaths = (
			);
			outputPaths = (
				"${TARGET_BUILD_DIR}/${FRAMEWORKS_FOLDER_PATH}/Alamofire.framework",
				"${TARGET_BUILD_DIR}/${FRAMEWORKS_FOLDER_PATH}/ChameleonFramework.framework",
				"${TARGET_BUILD_DIR}/${FRAMEWORKS_FOLDER_PATH}/GTMSessionFetcher.framework",
				"${TARGET_BUILD_DIR}/${FRAMEWORKS_FOLDER_PATH}/GoogleUtilities.framework",
				"${TARGET_BUILD_DIR}/${FRAMEWORKS_FOLDER_PATH}/IQKeyboardManager.framework",
				"${TARGET_BUILD_DIR}/${FRAMEWORKS_FOLDER_PATH}/JGProgressHUD.framework",
				"${TARGET_BUILD_DIR}/${FRAMEWORKS_FOLDER_PATH}/SkyFloatingLabelTextField.framework",
				"${TARGET_BUILD_DIR}/${FRAMEWORKS_FOLDER_PATH}/SwiftyJSON.framework",
				"${TARGET_BUILD_DIR}/${FRAMEWORKS_FOLDER_PATH}/iosManagers.framework",
				"${TARGET_BUILD_DIR}/${FRAMEWORKS_FOLDER_PATH}/leveldb.framework",
				"${TARGET_BUILD_DIR}/${FRAMEWORKS_FOLDER_PATH}/nanopb.framework",
			);
			runOnlyForDeploymentPostprocessing = 0;
			shellPath = /bin/sh;
			shellScript = "\"${PODS_ROOT}/Target Support Files/Pods-HidesNight/Pods-HidesNight-frameworks.sh\"\n";
			showEnvVarsInLog = 0;
		};
		EED6A187BCB6121956E4C8B5 /* [CP] Check Pods Manifest.lock */ = {
			isa = PBXShellScriptBuildPhase;
			buildActionMask = 2147483647;
			files = (
			);
			inputFileListPaths = (
			);
			inputPaths = (
				"${PODS_PODFILE_DIR_PATH}/Podfile.lock",
				"${PODS_ROOT}/Manifest.lock",
			);
			name = "[CP] Check Pods Manifest.lock";
			outputFileListPaths = (
			);
			outputPaths = (
				"$(DERIVED_FILE_DIR)/Pods-HidesNight-checkManifestLockResult.txt",
			);
			runOnlyForDeploymentPostprocessing = 0;
			shellPath = /bin/sh;
			shellScript = "diff \"${PODS_PODFILE_DIR_PATH}/Podfile.lock\" \"${PODS_ROOT}/Manifest.lock\" > /dev/null\nif [ $? != 0 ] ; then\n    # print error to STDERR\n    echo \"error: The sandbox is not in sync with the Podfile.lock. Run 'pod install' or update your CocoaPods installation.\" >&2\n    exit 1\nfi\n# This output is used by Xcode 'outputs' to avoid re-running this script phase.\necho \"SUCCESS\" > \"${SCRIPT_OUTPUT_FILE_0}\"\n";
			showEnvVarsInLog = 0;
		};
/* End PBXShellScriptBuildPhase section */

/* Begin PBXSourcesBuildPhase section */
		B7EB126B21CAEDC100C1DEB7 /* Sources */ = {
			isa = PBXSourcesBuildPhase;
			buildActionMask = 2147483647;
			files = (
				B7EB12C621CB888E00C1DEB7 /* FirebaseAPIClient.swift in Sources */,
				B7DE62A121CC18E100AC0113 /* SignUpVC-initUI.swift in Sources */,
				B7EB127321CAEDC100C1DEB7 /* AppDelegate.swift in Sources */,
				B7EB12BE21CB74C800C1DEB7 /* LaunchVC.swift in Sources */,
				B7EB12C421CB883B00C1DEB7 /* Launch-logic.swift in Sources */,
				B7EB12DA21CC137D00C1DEB7 /* SignUpVC-logic.swift in Sources */,
				B7DE62B921CCE28A00AC0113 /* ShakingViews.swift in Sources */,
				B7EB12D321CBAA7B00C1DEB7 /* SignUpVC-main.swift in Sources */,
				B7DE62B621CCC39900AC0113 /* LabeledTextField.swift in Sources */,
				B7EB12B621CB3A0D00C1DEB7 /* Constants.swift in Sources */,
				B7EB12BA21CB3A4900C1DEB7 /* LoginVC-main.swift in Sources */,
				B7DE62A521CC336600AC0113 /* SignUpVC-photopicker.swift in Sources */,
				B7EB12CD21CB9D1000C1DEB7 /* LoginVC-initUI.swift in Sources */,
				B7EB12C821CB898A00C1DEB7 /* User.swift in Sources */,
				B7DE62BB21CCE86000AC0113 /* SignUpVC-validators.swift in Sources */,
				B7EB12CB21CB89CF00C1DEB7 /* Game.swift in Sources */,
				B7DE62BD21CDCD7500AC0113 /* FirebaseReady.swift in Sources */,
				B7DE62A321CC1D9800AC0113 /* SignUpVC-system.swift in Sources */,
				B7EB12CF21CBA10E00C1DEB7 /* LoginVC-system.swift in Sources */,
				B7EB12D121CBA76400C1DEB7 /* LoginVC-logic.swift in Sources */,
			);
			runOnlyForDeploymentPostprocessing = 0;
		};
		B7EB127F21CAEDC200C1DEB7 /* Sources */ = {
			isa = PBXSourcesBuildPhase;
			buildActionMask = 2147483647;
			files = (
				B7EB128821CAEDC200C1DEB7 /* HidesNightTests.swift in Sources */,
			);
			runOnlyForDeploymentPostprocessing = 0;
		};
		B7EB128A21CAEDC200C1DEB7 /* Sources */ = {
			isa = PBXSourcesBuildPhase;
			buildActionMask = 2147483647;
			files = (
				B7EB129321CAEDC200C1DEB7 /* HidesNightUITests.swift in Sources */,
			);
			runOnlyForDeploymentPostprocessing = 0;
		};
/* End PBXSourcesBuildPhase section */

/* Begin PBXTargetDependency section */
		B7EB128521CAEDC200C1DEB7 /* PBXTargetDependency */ = {
			isa = PBXTargetDependency;
			target = B7EB126E21CAEDC100C1DEB7 /* HidesNight */;
			targetProxy = B7EB128421CAEDC200C1DEB7 /* PBXContainerItemProxy */;
		};
		B7EB129021CAEDC200C1DEB7 /* PBXTargetDependency */ = {
			isa = PBXTargetDependency;
			target = B7EB126E21CAEDC100C1DEB7 /* HidesNight */;
			targetProxy = B7EB128F21CAEDC200C1DEB7 /* PBXContainerItemProxy */;
		};
/* End PBXTargetDependency section */

/* Begin PBXVariantGroup section */
		B7EB127621CAEDC100C1DEB7 /* Main.storyboard */ = {
			isa = PBXVariantGroup;
			children = (
				B7EB127721CAEDC100C1DEB7 /* Base */,
			);
			name = Main.storyboard;
			sourceTree = "<group>";
		};
		B7EB127B21CAEDC200C1DEB7 /* LaunchScreen.storyboard */ = {
			isa = PBXVariantGroup;
			children = (
				B7EB127C21CAEDC200C1DEB7 /* Base */,
			);
			name = LaunchScreen.storyboard;
			sourceTree = "<group>";
		};
/* End PBXVariantGroup section */

/* Begin XCBuildConfiguration section */
		B7EB129521CAEDC200C1DEB7 /* Debug */ = {
			isa = XCBuildConfiguration;
			buildSettings = {
				ALWAYS_SEARCH_USER_PATHS = NO;
				CLANG_ANALYZER_NONNULL = YES;
				CLANG_ANALYZER_NUMBER_OBJECT_CONVERSION = YES_AGGRESSIVE;
				CLANG_CXX_LANGUAGE_STANDARD = "gnu++14";
				CLANG_CXX_LIBRARY = "libc++";
				CLANG_ENABLE_MODULES = YES;
				CLANG_ENABLE_OBJC_ARC = YES;
				CLANG_ENABLE_OBJC_WEAK = YES;
				CLANG_WARN_BLOCK_CAPTURE_AUTORELEASING = YES;
				CLANG_WARN_BOOL_CONVERSION = YES;
				CLANG_WARN_COMMA = YES;
				CLANG_WARN_CONSTANT_CONVERSION = YES;
				CLANG_WARN_DEPRECATED_OBJC_IMPLEMENTATIONS = YES;
				CLANG_WARN_DIRECT_OBJC_ISA_USAGE = YES_ERROR;
				CLANG_WARN_DOCUMENTATION_COMMENTS = YES;
				CLANG_WARN_EMPTY_BODY = YES;
				CLANG_WARN_ENUM_CONVERSION = YES;
				CLANG_WARN_INFINITE_RECURSION = YES;
				CLANG_WARN_INT_CONVERSION = YES;
				CLANG_WARN_NON_LITERAL_NULL_CONVERSION = YES;
				CLANG_WARN_OBJC_IMPLICIT_RETAIN_SELF = YES;
				CLANG_WARN_OBJC_LITERAL_CONVERSION = YES;
				CLANG_WARN_OBJC_ROOT_CLASS = YES_ERROR;
				CLANG_WARN_RANGE_LOOP_ANALYSIS = YES;
				CLANG_WARN_STRICT_PROTOTYPES = YES;
				CLANG_WARN_SUSPICIOUS_MOVE = YES;
				CLANG_WARN_UNGUARDED_AVAILABILITY = YES_AGGRESSIVE;
				CLANG_WARN_UNREACHABLE_CODE = YES;
				CLANG_WARN__DUPLICATE_METHOD_MATCH = YES;
				CODE_SIGN_IDENTITY = "iPhone Developer";
				COPY_PHASE_STRIP = NO;
				DEBUG_INFORMATION_FORMAT = dwarf;
				ENABLE_STRICT_OBJC_MSGSEND = YES;
				ENABLE_TESTABILITY = YES;
				GCC_C_LANGUAGE_STANDARD = gnu11;
				GCC_DYNAMIC_NO_PIC = NO;
				GCC_NO_COMMON_BLOCKS = YES;
				GCC_OPTIMIZATION_LEVEL = 0;
				GCC_PREPROCESSOR_DEFINITIONS = (
					"DEBUG=1",
					"$(inherited)",
				);
				GCC_WARN_64_TO_32_BIT_CONVERSION = YES;
				GCC_WARN_ABOUT_RETURN_TYPE = YES_ERROR;
				GCC_WARN_UNDECLARED_SELECTOR = YES;
				GCC_WARN_UNINITIALIZED_AUTOS = YES_AGGRESSIVE;
				GCC_WARN_UNUSED_FUNCTION = YES;
				GCC_WARN_UNUSED_VARIABLE = YES;
				IPHONEOS_DEPLOYMENT_TARGET = 12.1;
				MTL_ENABLE_DEBUG_INFO = INCLUDE_SOURCE;
				MTL_FAST_MATH = YES;
				ONLY_ACTIVE_ARCH = YES;
				SDKROOT = iphoneos;
				SWIFT_ACTIVE_COMPILATION_CONDITIONS = DEBUG;
				SWIFT_OPTIMIZATION_LEVEL = "-Onone";
			};
			name = Debug;
		};
		B7EB129621CAEDC200C1DEB7 /* Release */ = {
			isa = XCBuildConfiguration;
			buildSettings = {
				ALWAYS_SEARCH_USER_PATHS = NO;
				CLANG_ANALYZER_NONNULL = YES;
				CLANG_ANALYZER_NUMBER_OBJECT_CONVERSION = YES_AGGRESSIVE;
				CLANG_CXX_LANGUAGE_STANDARD = "gnu++14";
				CLANG_CXX_LIBRARY = "libc++";
				CLANG_ENABLE_MODULES = YES;
				CLANG_ENABLE_OBJC_ARC = YES;
				CLANG_ENABLE_OBJC_WEAK = YES;
				CLANG_WARN_BLOCK_CAPTURE_AUTORELEASING = YES;
				CLANG_WARN_BOOL_CONVERSION = YES;
				CLANG_WARN_COMMA = YES;
				CLANG_WARN_CONSTANT_CONVERSION = YES;
				CLANG_WARN_DEPRECATED_OBJC_IMPLEMENTATIONS = YES;
				CLANG_WARN_DIRECT_OBJC_ISA_USAGE = YES_ERROR;
				CLANG_WARN_DOCUMENTATION_COMMENTS = YES;
				CLANG_WARN_EMPTY_BODY = YES;
				CLANG_WARN_ENUM_CONVERSION = YES;
				CLANG_WARN_INFINITE_RECURSION = YES;
				CLANG_WARN_INT_CONVERSION = YES;
				CLANG_WARN_NON_LITERAL_NULL_CONVERSION = YES;
				CLANG_WARN_OBJC_IMPLICIT_RETAIN_SELF = YES;
				CLANG_WARN_OBJC_LITERAL_CONVERSION = YES;
				CLANG_WARN_OBJC_ROOT_CLASS = YES_ERROR;
				CLANG_WARN_RANGE_LOOP_ANALYSIS = YES;
				CLANG_WARN_STRICT_PROTOTYPES = YES;
				CLANG_WARN_SUSPICIOUS_MOVE = YES;
				CLANG_WARN_UNGUARDED_AVAILABILITY = YES_AGGRESSIVE;
				CLANG_WARN_UNREACHABLE_CODE = YES;
				CLANG_WARN__DUPLICATE_METHOD_MATCH = YES;
				CODE_SIGN_IDENTITY = "iPhone Developer";
				COPY_PHASE_STRIP = NO;
				DEBUG_INFORMATION_FORMAT = "dwarf-with-dsym";
				ENABLE_NS_ASSERTIONS = NO;
				ENABLE_STRICT_OBJC_MSGSEND = YES;
				GCC_C_LANGUAGE_STANDARD = gnu11;
				GCC_NO_COMMON_BLOCKS = YES;
				GCC_WARN_64_TO_32_BIT_CONVERSION = YES;
				GCC_WARN_ABOUT_RETURN_TYPE = YES_ERROR;
				GCC_WARN_UNDECLARED_SELECTOR = YES;
				GCC_WARN_UNINITIALIZED_AUTOS = YES_AGGRESSIVE;
				GCC_WARN_UNUSED_FUNCTION = YES;
				GCC_WARN_UNUSED_VARIABLE = YES;
				IPHONEOS_DEPLOYMENT_TARGET = 12.1;
				MTL_ENABLE_DEBUG_INFO = NO;
				MTL_FAST_MATH = YES;
				SDKROOT = iphoneos;
				SWIFT_COMPILATION_MODE = wholemodule;
				SWIFT_OPTIMIZATION_LEVEL = "-O";
				VALIDATE_PRODUCT = YES;
			};
			name = Release;
		};
		B7EB129821CAEDC200C1DEB7 /* Debug */ = {
			isa = XCBuildConfiguration;
			baseConfigurationReference = BB83551C7A5051851C018E41 /* Pods-HidesNight.debug.xcconfig */;
			buildSettings = {
				ASSETCATALOG_COMPILER_APPICON_NAME = AppIcon;
				CODE_SIGN_STYLE = Automatic;
				DEVELOPMENT_TEAM = 9T3JS4TFUB;
				INFOPLIST_FILE = HidesNight/Info.plist;
				LD_RUNPATH_SEARCH_PATHS = (
					"$(inherited)",
					"@executable_path/Frameworks",
				);
				PRODUCT_BUNDLE_IDENTIFIER = ajaymerchia.HidesNight;
				PRODUCT_NAME = "$(TARGET_NAME)";
				SWIFT_VERSION = 4.2;
				TARGETED_DEVICE_FAMILY = "1,2";
			};
			name = Debug;
		};
		B7EB129921CAEDC200C1DEB7 /* Release */ = {
			isa = XCBuildConfiguration;
			baseConfigurationReference = DD9AE1CC1A178A8C1CF1532E /* Pods-HidesNight.release.xcconfig */;
			buildSettings = {
				ASSETCATALOG_COMPILER_APPICON_NAME = AppIcon;
				CODE_SIGN_STYLE = Automatic;
				DEVELOPMENT_TEAM = 9T3JS4TFUB;
				INFOPLIST_FILE = HidesNight/Info.plist;
				LD_RUNPATH_SEARCH_PATHS = (
					"$(inherited)",
					"@executable_path/Frameworks",
				);
				PRODUCT_BUNDLE_IDENTIFIER = ajaymerchia.HidesNight;
				PRODUCT_NAME = "$(TARGET_NAME)";
				SWIFT_VERSION = 4.2;
				TARGETED_DEVICE_FAMILY = "1,2";
			};
			name = Release;
		};
		B7EB129B21CAEDC200C1DEB7 /* Debug */ = {
			isa = XCBuildConfiguration;
			buildSettings = {
				ALWAYS_EMBED_SWIFT_STANDARD_LIBRARIES = YES;
				BUNDLE_LOADER = "$(TEST_HOST)";
				CODE_SIGN_STYLE = Automatic;
				DEVELOPMENT_TEAM = 9T3JS4TFUB;
				INFOPLIST_FILE = HidesNightTests/Info.plist;
				LD_RUNPATH_SEARCH_PATHS = (
					"$(inherited)",
					"@executable_path/Frameworks",
					"@loader_path/Frameworks",
				);
				PRODUCT_BUNDLE_IDENTIFIER = ajaymerchia.HidesNightTests;
				PRODUCT_NAME = "$(TARGET_NAME)";
				SWIFT_VERSION = 4.2;
				TARGETED_DEVICE_FAMILY = "1,2";
				TEST_HOST = "$(BUILT_PRODUCTS_DIR)/HidesNight.app/HidesNight";
			};
			name = Debug;
		};
		B7EB129C21CAEDC200C1DEB7 /* Release */ = {
			isa = XCBuildConfiguration;
			buildSettings = {
				ALWAYS_EMBED_SWIFT_STANDARD_LIBRARIES = YES;
				BUNDLE_LOADER = "$(TEST_HOST)";
				CODE_SIGN_STYLE = Automatic;
				DEVELOPMENT_TEAM = 9T3JS4TFUB;
				INFOPLIST_FILE = HidesNightTests/Info.plist;
				LD_RUNPATH_SEARCH_PATHS = (
					"$(inherited)",
					"@executable_path/Frameworks",
					"@loader_path/Frameworks",
				);
				PRODUCT_BUNDLE_IDENTIFIER = ajaymerchia.HidesNightTests;
				PRODUCT_NAME = "$(TARGET_NAME)";
				SWIFT_VERSION = 4.2;
				TARGETED_DEVICE_FAMILY = "1,2";
				TEST_HOST = "$(BUILT_PRODUCTS_DIR)/HidesNight.app/HidesNight";
			};
			name = Release;
		};
		B7EB129E21CAEDC200C1DEB7 /* Debug */ = {
			isa = XCBuildConfiguration;
			buildSettings = {
				ALWAYS_EMBED_SWIFT_STANDARD_LIBRARIES = YES;
				CODE_SIGN_STYLE = Automatic;
				DEVELOPMENT_TEAM = 9T3JS4TFUB;
				INFOPLIST_FILE = HidesNightUITests/Info.plist;
				LD_RUNPATH_SEARCH_PATHS = (
					"$(inherited)",
					"@executable_path/Frameworks",
					"@loader_path/Frameworks",
				);
				PRODUCT_BUNDLE_IDENTIFIER = ajaymerchia.HidesNightUITests;
				PRODUCT_NAME = "$(TARGET_NAME)";
				SWIFT_VERSION = 4.2;
				TARGETED_DEVICE_FAMILY = "1,2";
				TEST_TARGET_NAME = HidesNight;
			};
			name = Debug;
		};
		B7EB129F21CAEDC200C1DEB7 /* Release */ = {
			isa = XCBuildConfiguration;
			buildSettings = {
				ALWAYS_EMBED_SWIFT_STANDARD_LIBRARIES = YES;
				CODE_SIGN_STYLE = Automatic;
				DEVELOPMENT_TEAM = 9T3JS4TFUB;
				INFOPLIST_FILE = HidesNightUITests/Info.plist;
				LD_RUNPATH_SEARCH_PATHS = (
					"$(inherited)",
					"@executable_path/Frameworks",
					"@loader_path/Frameworks",
				);
				PRODUCT_BUNDLE_IDENTIFIER = ajaymerchia.HidesNightUITests;
				PRODUCT_NAME = "$(TARGET_NAME)";
				SWIFT_VERSION = 4.2;
				TARGETED_DEVICE_FAMILY = "1,2";
				TEST_TARGET_NAME = HidesNight;
			};
			name = Release;
		};
/* End XCBuildConfiguration section */

/* Begin XCConfigurationList section */
		B7EB126A21CAEDC100C1DEB7 /* Build configuration list for PBXProject "HidesNight" */ = {
			isa = XCConfigurationList;
			buildConfigurations = (
				B7EB129521CAEDC200C1DEB7 /* Debug */,
				B7EB129621CAEDC200C1DEB7 /* Release */,
			);
			defaultConfigurationIsVisible = 0;
			defaultConfigurationName = Release;
		};
		B7EB129721CAEDC200C1DEB7 /* Build configuration list for PBXNativeTarget "HidesNight" */ = {
			isa = XCConfigurationList;
			buildConfigurations = (
				B7EB129821CAEDC200C1DEB7 /* Debug */,
				B7EB129921CAEDC200C1DEB7 /* Release */,
			);
			defaultConfigurationIsVisible = 0;
			defaultConfigurationName = Release;
		};
		B7EB129A21CAEDC200C1DEB7 /* Build configuration list for PBXNativeTarget "HidesNightTests" */ = {
			isa = XCConfigurationList;
			buildConfigurations = (
				B7EB129B21CAEDC200C1DEB7 /* Debug */,
				B7EB129C21CAEDC200C1DEB7 /* Release */,
			);
			defaultConfigurationIsVisible = 0;
			defaultConfigurationName = Release;
		};
		B7EB129D21CAEDC200C1DEB7 /* Build configuration list for PBXNativeTarget "HidesNightUITests" */ = {
			isa = XCConfigurationList;
			buildConfigurations = (
				B7EB129E21CAEDC200C1DEB7 /* Debug */,
				B7EB129F21CAEDC200C1DEB7 /* Release */,
			);
			defaultConfigurationIsVisible = 0;
			defaultConfigurationName = Release;
		};
/* End XCConfigurationList section */
	};
	rootObject = B7EB126721CAEDC100C1DEB7 /* Project object */;
}
