// !$*UTF8*$!
{
	archiveVersion = 1;
	classes = {
	};
	objectVersion = 50;
	objects = {

/* Begin PBXBuildFile section */
		B510707DB2158DF8CA1855B0 /* Pods_HidesNight.framework in Frameworks */ = {isa = PBXBuildFile; fileRef = E374076B8F5F10F7CF88F2CD /* Pods_HidesNight.framework */; };
		B70AD54121D8644C004CEDA0 /* overlay.json in Resources */ = {isa = PBXBuildFile; fileRef = B70AD54021D8620D004CEDA0 /* overlay.json */; };
		B70BCACD21D20EB50038BCF1 /* ExtendedUtils.swift in Sources */ = {isa = PBXBuildFile; fileRef = B70BCACC21D20EB50038BCF1 /* ExtendedUtils.swift */; };
		B70BCACF21D2CE660038BCF1 /* SocialVC-tableview.swift in Sources */ = {isa = PBXBuildFile; fileRef = B70BCACE21D2CE660038BCF1 /* SocialVC-tableview.swift */; };
		B70BCAD121D2D88D0038BCF1 /* FirebaseAPI-game.swift in Sources */ = {isa = PBXBuildFile; fileRef = B70BCAD021D2D88D0038BCF1 /* FirebaseAPI-game.swift */; };
		B70BCAD321D2F36C0038BCF1 /* GameCell.swift in Sources */ = {isa = PBXBuildFile; fileRef = B70BCAD221D2F36C0038BCF1 /* GameCell.swift */; };
		B70BCAD521D3040E0038BCF1 /* FriendDetailVC.swift in Sources */ = {isa = PBXBuildFile; fileRef = B70BCAD421D3040E0038BCF1 /* FriendDetailVC.swift */; };
		B70BCAD821D304E10038BCF1 /* FriendDetailVC-initUI.swift in Sources */ = {isa = PBXBuildFile; fileRef = B70BCAD721D304E10038BCF1 /* FriendDetailVC-initUI.swift */; };
		B70BCADA21D304ED0038BCF1 /* FriendDetailVC-system.swift in Sources */ = {isa = PBXBuildFile; fileRef = B70BCAD921D304ED0038BCF1 /* FriendDetailVC-system.swift */; };
		B70BCADC21D3055B0038BCF1 /* FriendDetailVC-logic.swift in Sources */ = {isa = PBXBuildFile; fileRef = B70BCADB21D3055B0038BCF1 /* FriendDetailVC-logic.swift */; };
		B70BCADE21D350410038BCF1 /* CreateGameVC-tableview.swift in Sources */ = {isa = PBXBuildFile; fileRef = B70BCADD21D350410038BCF1 /* CreateGameVC-tableview.swift */; };
		B70BCAE021D35F0D0038BCF1 /* CreateGameVC-photopicker.swift in Sources */ = {isa = PBXBuildFile; fileRef = B70BCADF21D35F0D0038BCF1 /* CreateGameVC-photopicker.swift */; };
		B70BCAE221D370E20038BCF1 /* DateTimeVC.swift in Sources */ = {isa = PBXBuildFile; fileRef = B70BCAE121D370E20038BCF1 /* DateTimeVC.swift */; };
		B70BCAE521D454110038BCF1 /* DecisionPickerVC.swift in Sources */ = {isa = PBXBuildFile; fileRef = B70BCAE421D454110038BCF1 /* DecisionPickerVC.swift */; };
		B7229FE721E8A2B10059B184 /* FirebaseAPI-notifications.swift in Sources */ = {isa = PBXBuildFile; fileRef = B7229FE621E8A2B10059B184 /* FirebaseAPI-notifications.swift */; };
		B72BB4A021E6D46F00D9CD8F /* ActiveGameVC-map.swift in Sources */ = {isa = PBXBuildFile; fileRef = B72BB49F21E6D46F00D9CD8F /* ActiveGameVC-map.swift */; };
		B72BB4A221E70C6C00D9CD8F /* ActiveGameVC-logic.swift in Sources */ = {isa = PBXBuildFile; fileRef = B72BB4A121E70C6C00D9CD8F /* ActiveGameVC-logic.swift */; };
		B72BB4A421E7279400D9CD8F /* ActiveGameVC-segCon.swift in Sources */ = {isa = PBXBuildFile; fileRef = B72BB4A321E7279400D9CD8F /* ActiveGameVC-segCon.swift */; };
		B72BB4A621E72E1600D9CD8F /* ActiveGameVC-tableview.swift in Sources */ = {isa = PBXBuildFile; fileRef = B72BB4A521E72E1600D9CD8F /* ActiveGameVC-tableview.swift */; };
		B72BB4A821E731F100D9CD8F /* TeamReadOnlyVC.swift in Sources */ = {isa = PBXBuildFile; fileRef = B72BB4A721E731F100D9CD8F /* TeamReadOnlyVC.swift */; };
		B72BB4AB21E7338A00D9CD8F /* CountDownCell.swift in Sources */ = {isa = PBXBuildFile; fileRef = B72BB4AA21E7338A00D9CD8F /* CountDownCell.swift */; };
		B730637F21E9736C00F4EF7A /* AppDelegate-notificationHandle.swift in Sources */ = {isa = PBXBuildFile; fileRef = B730637E21E9736C00F4EF7A /* AppDelegate-notificationHandle.swift */; };
		B730638121E9938500F4EF7A /* AppDelegate-notificationDesign.swift in Sources */ = {isa = PBXBuildFile; fileRef = B730638021E9938500F4EF7A /* AppDelegate-notificationDesign.swift */; };
		B731A8A821DCB6D600499798 /* TeamSelectorVC.swift in Sources */ = {isa = PBXBuildFile; fileRef = B731A8A721DCB6D600499798 /* TeamSelectorVC.swift */; };
		B731A8AD21DCB73D00499798 /* TeamSelectorVC-initUI.swift in Sources */ = {isa = PBXBuildFile; fileRef = B731A8AC21DCB73D00499798 /* TeamSelectorVC-initUI.swift */; };
		B731A8B321DCC8A900499798 /* RoundCell.swift in Sources */ = {isa = PBXBuildFile; fileRef = B731A8B221DCC8A900499798 /* RoundCell.swift */; };
		B737368521D09EE10068FCA1 /* ProfileVC-initUI.swift in Sources */ = {isa = PBXBuildFile; fileRef = B737368421D09EE10068FCA1 /* ProfileVC-initUI.swift */; };
		B737368721D09F490068FCA1 /* ProfileVC-system.swift in Sources */ = {isa = PBXBuildFile; fileRef = B737368621D09F490068FCA1 /* ProfileVC-system.swift */; };
		B737368921D0A2150068FCA1 /* ProfileVC-logic.swift in Sources */ = {isa = PBXBuildFile; fileRef = B737368821D0A2150068FCA1 /* ProfileVC-logic.swift */; };
		B737368B21D0B44A0068FCA1 /* ProfileVC-photopicker.swift in Sources */ = {isa = PBXBuildFile; fileRef = B737368A21D0B44A0068FCA1 /* ProfileVC-photopicker.swift */; };
		B737369021D0BE7E0068FCA1 /* InstructionsVC.swift in Sources */ = {isa = PBXBuildFile; fileRef = B737368F21D0BE7E0068FCA1 /* InstructionsVC.swift */; };
		B737369221D0BEF60068FCA1 /* InstructionsVC-initUI.swift in Sources */ = {isa = PBXBuildFile; fileRef = B737369121D0BEF60068FCA1 /* InstructionsVC-initUI.swift */; };
		B737369421D0BF4C0068FCA1 /* InstructionsVC-system.swift in Sources */ = {isa = PBXBuildFile; fileRef = B737369321D0BF4C0068FCA1 /* InstructionsVC-system.swift */; };
		B737369A21D0C26D0068FCA1 /* InstructionsVC-data.swift in Sources */ = {isa = PBXBuildFile; fileRef = B737369921D0C26D0068FCA1 /* InstructionsVC-data.swift */; };
		B73736A121D0D4950068FCA1 /* SlideData.swift in Sources */ = {isa = PBXBuildFile; fileRef = B73736A021D0D4950068FCA1 /* SlideData.swift */; };
		B73736A321D0D8150068FCA1 /* Slide.swift in Sources */ = {isa = PBXBuildFile; fileRef = B73736A221D0D8150068FCA1 /* Slide.swift */; };
		B73736A521D0EF110068FCA1 /* DataNavVC.swift in Sources */ = {isa = PBXBuildFile; fileRef = B73736A421D0EF110068FCA1 /* DataNavVC.swift */; };
		B73736A721D0EF520068FCA1 /* CreateGameVC.swift in Sources */ = {isa = PBXBuildFile; fileRef = B73736A621D0EF520068FCA1 /* CreateGameVC.swift */; };
		B73736AA21D0EF960068FCA1 /* CreateGameVC-initUI.swift in Sources */ = {isa = PBXBuildFile; fileRef = B73736A921D0EF960068FCA1 /* CreateGameVC-initUI.swift */; };
		B73736AC21D0EFBC0068FCA1 /* CreateGameVC-system.swift in Sources */ = {isa = PBXBuildFile; fileRef = B73736AB21D0EFBC0068FCA1 /* CreateGameVC-system.swift */; };
		B73736AE21D0EFE40068FCA1 /* CreateGameVC-logic.swift in Sources */ = {isa = PBXBuildFile; fileRef = B73736AD21D0EFE40068FCA1 /* CreateGameVC-logic.swift */; };
		B75C536B21D1A1770024D027 /* SocialVC.swift in Sources */ = {isa = PBXBuildFile; fileRef = B75C536A21D1A1770024D027 /* SocialVC.swift */; };
		B75C536F21D1A2120024D027 /* SocialVC-initUI.swift in Sources */ = {isa = PBXBuildFile; fileRef = B75C536E21D1A2120024D027 /* SocialVC-initUI.swift */; };
		B75C537121D1A2250024D027 /* SocialVC-system.swift in Sources */ = {isa = PBXBuildFile; fileRef = B75C537021D1A2250024D027 /* SocialVC-system.swift */; };
		B75C537321D1A2370024D027 /* SocialVC-logic.swift in Sources */ = {isa = PBXBuildFile; fileRef = B75C537221D1A2370024D027 /* SocialVC-logic.swift */; };
		B75C537521D1A8460024D027 /* AddFriendVC.swift in Sources */ = {isa = PBXBuildFile; fileRef = B75C537421D1A8460024D027 /* AddFriendVC.swift */; };
		B75C537821D1A9660024D027 /* AddFriendVC-initUI.swift in Sources */ = {isa = PBXBuildFile; fileRef = B75C537721D1A9660024D027 /* AddFriendVC-initUI.swift */; };
		B75C537B21D1A9880024D027 /* AddFriendVC-system.swift in Sources */ = {isa = PBXBuildFile; fileRef = B75C537A21D1A9880024D027 /* AddFriendVC-system.swift */; };
		B75C537D21D1A99B0024D027 /* AddFriendVC-logic.swift in Sources */ = {isa = PBXBuildFile; fileRef = B75C537C21D1A99B0024D027 /* AddFriendVC-logic.swift */; };
		B75C537F21D1ED1C0024D027 /* FirebaseAPIClient-social.swift in Sources */ = {isa = PBXBuildFile; fileRef = B75C537E21D1ED1C0024D027 /* FirebaseAPIClient-social.swift */; };
		B75C538121D1F6160024D027 /* AddFriendVC-tableview.swift in Sources */ = {isa = PBXBuildFile; fileRef = B75C538021D1F6160024D027 /* AddFriendVC-tableview.swift */; };
		B75C538321D1F94E0024D027 /* PersonCell.swift in Sources */ = {isa = PBXBuildFile; fileRef = B75C538221D1F94E0024D027 /* PersonCell.swift */; };
		B779FD9A21E2EE3400BEFA60 /* Chat.swift in Sources */ = {isa = PBXBuildFile; fileRef = B779FD9921E2EE3400BEFA60 /* Chat.swift */; };
		B779FD9C21E2F29100BEFA60 /* FirebaseAPI-chat.swift in Sources */ = {isa = PBXBuildFile; fileRef = B779FD9B21E2F29100BEFA60 /* FirebaseAPI-chat.swift */; };
		B779FD9E21E2FCCA00BEFA60 /* ChatVC.swift in Sources */ = {isa = PBXBuildFile; fileRef = B779FD9D21E2FCCA00BEFA60 /* ChatVC.swift */; };
		B779FDA121E2FFF500BEFA60 /* ChatVC-initUI.swift in Sources */ = {isa = PBXBuildFile; fileRef = B779FDA021E2FFF500BEFA60 /* ChatVC-initUI.swift */; };
		B779FDA321E2FFFE00BEFA60 /* ChatVC-system.swift in Sources */ = {isa = PBXBuildFile; fileRef = B779FDA221E2FFFE00BEFA60 /* ChatVC-system.swift */; };
		B779FDA521E3001000BEFA60 /* ChatVC-logic.swift in Sources */ = {isa = PBXBuildFile; fileRef = B779FDA421E3001000BEFA60 /* ChatVC-logic.swift */; };
		B779FDA721E32D9700BEFA60 /* ChatVC-textfield.swift in Sources */ = {isa = PBXBuildFile; fileRef = B779FDA621E32D9700BEFA60 /* ChatVC-textfield.swift */; };
		B779FDA921E342EE00BEFA60 /* ChatVC-tableview.swift in Sources */ = {isa = PBXBuildFile; fileRef = B779FDA821E342EE00BEFA60 /* ChatVC-tableview.swift */; };
		B779FDAB21E34E5700BEFA60 /* ChatCell.swift in Sources */ = {isa = PBXBuildFile; fileRef = B779FDAA21E34E5700BEFA60 /* ChatCell.swift */; };
		B779FDAD21E3764900BEFA60 /* ChatVC-photopicker.swift in Sources */ = {isa = PBXBuildFile; fileRef = B779FDAC21E3764900BEFA60 /* ChatVC-photopicker.swift */; };
		B779FDAF21E415FC00BEFA60 /* ActiveGameVC.swift in Sources */ = {isa = PBXBuildFile; fileRef = B779FDAE21E415FC00BEFA60 /* ActiveGameVC.swift */; };
		B779FDB221E4188200BEFA60 /* ActiveGameVC-system.swift in Sources */ = {isa = PBXBuildFile; fileRef = B779FDB121E4188200BEFA60 /* ActiveGameVC-system.swift */; };
		B779FDB421E41A3200BEFA60 /* ActiveGameVC-initUI.swift in Sources */ = {isa = PBXBuildFile; fileRef = B779FDB321E41A3200BEFA60 /* ActiveGameVC-initUI.swift */; };
		B7B14D2721D4DAA4003F8A4C /* DecisionPickerVC-initUI.swift in Sources */ = {isa = PBXBuildFile; fileRef = B7B14D2621D4DAA4003F8A4C /* DecisionPickerVC-initUI.swift */; };
		B7B14D2921D4DAD2003F8A4C /* DecisionPickerVC-system.swift in Sources */ = {isa = PBXBuildFile; fileRef = B7B14D2821D4DAD2003F8A4C /* DecisionPickerVC-system.swift */; };
		B7B14D2B21D4DB0F003F8A4C /* DecisionPickerVC-data.swift in Sources */ = {isa = PBXBuildFile; fileRef = B7B14D2A21D4DB0F003F8A4C /* DecisionPickerVC-data.swift */; };
		B7B14D2D21D5D29B003F8A4C /* GamesVC-tableview.swift in Sources */ = {isa = PBXBuildFile; fileRef = B7B14D2C21D5D29B003F8A4C /* GamesVC-tableview.swift */; };
		B7B14D2F21D5FC33003F8A4C /* GameDetailVC.swift in Sources */ = {isa = PBXBuildFile; fileRef = B7B14D2E21D5FC33003F8A4C /* GameDetailVC.swift */; };
		B7B14D3221D60337003F8A4C /* GameDetailVC-initUI.swift in Sources */ = {isa = PBXBuildFile; fileRef = B7B14D3121D60337003F8A4C /* GameDetailVC-initUI.swift */; };
		B7B14D3421D60344003F8A4C /* GameDetailVC-system.swift in Sources */ = {isa = PBXBuildFile; fileRef = B7B14D3321D60344003F8A4C /* GameDetailVC-system.swift */; };
		B7B14D3621D60350003F8A4C /* GameDetailVC-logic.swift in Sources */ = {isa = PBXBuildFile; fileRef = B7B14D3521D60350003F8A4C /* GameDetailVC-logic.swift */; };
		B7B14D3821D637E8003F8A4C /* GameDetailVC-segCon.swift in Sources */ = {isa = PBXBuildFile; fileRef = B7B14D3721D637E8003F8A4C /* GameDetailVC-segCon.swift */; };
		B7B14D3A21D63888003F8A4C /* GameDetailVC-tableview.swift in Sources */ = {isa = PBXBuildFile; fileRef = B7B14D3921D63888003F8A4C /* GameDetailVC-tableview.swift */; };
		B7B14D3C21D6AED0003F8A4C /* InviteFriendVC.swift in Sources */ = {isa = PBXBuildFile; fileRef = B7B14D3B21D6AED0003F8A4C /* InviteFriendVC.swift */; };
		B7B14D3F21D6AEF0003F8A4C /* InviteFriendVC-initUI.swift in Sources */ = {isa = PBXBuildFile; fileRef = B7B14D3E21D6AEF0003F8A4C /* InviteFriendVC-initUI.swift */; };
		B7B14D4121D6AF03003F8A4C /* InviteFriendVC-system.swift in Sources */ = {isa = PBXBuildFile; fileRef = B7B14D4021D6AF03003F8A4C /* InviteFriendVC-system.swift */; };
		B7B14D4321D6AF19003F8A4C /* InviteFriendVC-logic.swift in Sources */ = {isa = PBXBuildFile; fileRef = B7B14D4221D6AF19003F8A4C /* InviteFriendVC-logic.swift */; };
		B7B14D4521D6B851003F8A4C /* InviteFriendVC-tableview.swift in Sources */ = {isa = PBXBuildFile; fileRef = B7B14D4421D6B851003F8A4C /* InviteFriendVC-tableview.swift */; };
		B7B14D4721D70A0E003F8A4C /* InfoController.swift in Sources */ = {isa = PBXBuildFile; fileRef = B7B14D4621D70A0E003F8A4C /* InfoController.swift */; };
		B7B14D4921D736E7003F8A4C /* Team.swift in Sources */ = {isa = PBXBuildFile; fileRef = B7B14D4821D736E7003F8A4C /* Team.swift */; };
		B7B14D4B21D73B91003F8A4C /* TeamDetailVC.swift in Sources */ = {isa = PBXBuildFile; fileRef = B7B14D4A21D73B91003F8A4C /* TeamDetailVC.swift */; };
		B7B14D5021D73BC3003F8A4C /* TeamDetailVC-initUI.swift in Sources */ = {isa = PBXBuildFile; fileRef = B7B14D4F21D73BC3003F8A4C /* TeamDetailVC-initUI.swift */; };
		B7B14D5221D73BCE003F8A4C /* TeamDetailVC-system.swift in Sources */ = {isa = PBXBuildFile; fileRef = B7B14D5121D73BCE003F8A4C /* TeamDetailVC-system.swift */; };
		B7B14D5421D73BDC003F8A4C /* TeamDetailVC-logic.swift in Sources */ = {isa = PBXBuildFile; fileRef = B7B14D5321D73BDC003F8A4C /* TeamDetailVC-logic.swift */; };
		B7B14D5621D7412B003F8A4C /* TeamDetailVC-photopicker.swift in Sources */ = {isa = PBXBuildFile; fileRef = B7B14D5521D7412B003F8A4C /* TeamDetailVC-photopicker.swift */; };
		B7B14D5821D76ED8003F8A4C /* TeamMemberSelectVC.swift in Sources */ = {isa = PBXBuildFile; fileRef = B7B14D5721D76ED8003F8A4C /* TeamMemberSelectVC.swift */; };
		B7B14D5B21D770C0003F8A4C /* TeamMemberSelectVC-initUI.swift in Sources */ = {isa = PBXBuildFile; fileRef = B7B14D5A21D770C0003F8A4C /* TeamMemberSelectVC-initUI.swift */; };
		B7B14D5D21D80F34003F8A4C /* RoundDetailVC.swift in Sources */ = {isa = PBXBuildFile; fileRef = B7B14D5C21D80F34003F8A4C /* RoundDetailVC.swift */; };
		B7B14D6021D80F55003F8A4C /* Round.swift in Sources */ = {isa = PBXBuildFile; fileRef = B7B14D5F21D80F55003F8A4C /* Round.swift */; };
		B7B14D6321D82490003F8A4C /* RoundDetailVC-initUI.swift in Sources */ = {isa = PBXBuildFile; fileRef = B7B14D6221D82490003F8A4C /* RoundDetailVC-initUI.swift */; };
		B7B14D6521D8249E003F8A4C /* RoundDetailVC-system.swift in Sources */ = {isa = PBXBuildFile; fileRef = B7B14D6421D8249E003F8A4C /* RoundDetailVC-system.swift */; };
		B7B14D6721D824B4003F8A4C /* RoundDetailVC-logic.swift in Sources */ = {isa = PBXBuildFile; fileRef = B7B14D6621D824B4003F8A4C /* RoundDetailVC-logic.swift */; };
		B7B14D6921D829BD003F8A4C /* RoundDetailVC-map.swift in Sources */ = {isa = PBXBuildFile; fileRef = B7B14D6821D829BD003F8A4C /* RoundDetailVC-map.swift */; };
		B7DE62A121CC18E100AC0113 /* SignUpVC-initUI.swift in Sources */ = {isa = PBXBuildFile; fileRef = B7DE62A021CC18E100AC0113 /* SignUpVC-initUI.swift */; };
		B7DE62A321CC1D9800AC0113 /* SignUpVC-system.swift in Sources */ = {isa = PBXBuildFile; fileRef = B7DE62A221CC1D9800AC0113 /* SignUpVC-system.swift */; };
		B7DE62A521CC336600AC0113 /* SignUpVC-photopicker.swift in Sources */ = {isa = PBXBuildFile; fileRef = B7DE62A421CC336600AC0113 /* SignUpVC-photopicker.swift */; };
		B7DE62B621CCC39900AC0113 /* LabeledTextField.swift in Sources */ = {isa = PBXBuildFile; fileRef = B7DE62B521CCC39900AC0113 /* LabeledTextField.swift */; };
		B7DE62B921CCE28A00AC0113 /* ShakingViews.swift in Sources */ = {isa = PBXBuildFile; fileRef = B7DE62B821CCE28A00AC0113 /* ShakingViews.swift */; };
		B7DE62BB21CCE86000AC0113 /* SignUpVC-validators.swift in Sources */ = {isa = PBXBuildFile; fileRef = B7DE62BA21CCE86000AC0113 /* SignUpVC-validators.swift */; };
		B7DE62BD21CDCD7500AC0113 /* FirebaseReady.swift in Sources */ = {isa = PBXBuildFile; fileRef = B7DE62BC21CDCD7500AC0113 /* FirebaseReady.swift */; };
		B7DE62C221CF351500AC0113 /* GamesVC.swift in Sources */ = {isa = PBXBuildFile; fileRef = B7DE62C121CF351500AC0113 /* GamesVC.swift */; };
		B7DE62C621CF356700AC0113 /* GamesVC-initUI.swift in Sources */ = {isa = PBXBuildFile; fileRef = B7DE62C521CF356700AC0113 /* GamesVC-initUI.swift */; };
		B7DE62C821CF357900AC0113 /* GamesVC-system.swift in Sources */ = {isa = PBXBuildFile; fileRef = B7DE62C721CF357900AC0113 /* GamesVC-system.swift */; };
		B7DE62CA21CF358E00AC0113 /* GamesVC-logic.swift in Sources */ = {isa = PBXBuildFile; fileRef = B7DE62C921CF358E00AC0113 /* GamesVC-logic.swift */; };
		B7DE62CC21CF36C500AC0113 /* ProfileVC.swift in Sources */ = {isa = PBXBuildFile; fileRef = B7DE62CB21CF36C500AC0113 /* ProfileVC.swift */; };
		B7DE62D021CF45C800AC0113 /* TabBarVC.swift in Sources */ = {isa = PBXBuildFile; fileRef = B7DE62CF21CF45C800AC0113 /* TabBarVC.swift */; };
		B7EB127321CAEDC100C1DEB7 /* AppDelegate.swift in Sources */ = {isa = PBXBuildFile; fileRef = B7EB127221CAEDC100C1DEB7 /* AppDelegate.swift */; };
		B7EB127821CAEDC100C1DEB7 /* Main.storyboard in Resources */ = {isa = PBXBuildFile; fileRef = B7EB127621CAEDC100C1DEB7 /* Main.storyboard */; };
		B7EB127A21CAEDC200C1DEB7 /* Assets.xcassets in Resources */ = {isa = PBXBuildFile; fileRef = B7EB127921CAEDC200C1DEB7 /* Assets.xcassets */; };
		B7EB127D21CAEDC200C1DEB7 /* LaunchScreen.storyboard in Resources */ = {isa = PBXBuildFile; fileRef = B7EB127B21CAEDC200C1DEB7 /* LaunchScreen.storyboard */; };
		B7EB128821CAEDC200C1DEB7 /* HidesNightTests.swift in Sources */ = {isa = PBXBuildFile; fileRef = B7EB128721CAEDC200C1DEB7 /* HidesNightTests.swift */; };
		B7EB129321CAEDC200C1DEB7 /* HidesNightUITests.swift in Sources */ = {isa = PBXBuildFile; fileRef = B7EB129221CAEDC200C1DEB7 /* HidesNightUITests.swift */; };
		B7EB12B621CB3A0D00C1DEB7 /* Constants.swift in Sources */ = {isa = PBXBuildFile; fileRef = B7EB12B521CB3A0D00C1DEB7 /* Constants.swift */; };
		B7EB12BA21CB3A4900C1DEB7 /* LoginVC-main.swift in Sources */ = {isa = PBXBuildFile; fileRef = B7EB12B921CB3A4900C1DEB7 /* LoginVC-main.swift */; };
		B7EB12BC21CB70E500C1DEB7 /* GoogleService-Info.plist in Resources */ = {isa = PBXBuildFile; fileRef = B7EB12BB21CB70E500C1DEB7 /* GoogleService-Info.plist */; };
		B7EB12BE21CB74C800C1DEB7 /* LaunchVC.swift in Sources */ = {isa = PBXBuildFile; fileRef = B7EB12BD21CB74C800C1DEB7 /* LaunchVC.swift */; };
		B7EB12C221CB816D00C1DEB7 /* luckiest-guy.regular.ttf in Resources */ = {isa = PBXBuildFile; fileRef = B7EB12C121CB814D00C1DEB7 /* luckiest-guy.regular.ttf */; };
		B7EB12C421CB883B00C1DEB7 /* Launch-logic.swift in Sources */ = {isa = PBXBuildFile; fileRef = B7EB12C321CB883B00C1DEB7 /* Launch-logic.swift */; };
		B7EB12C621CB888E00C1DEB7 /* FirebaseAPIClient-account.swift in Sources */ = {isa = PBXBuildFile; fileRef = B7EB12C521CB888E00C1DEB7 /* FirebaseAPIClient-account.swift */; };
		B7EB12C821CB898A00C1DEB7 /* User.swift in Sources */ = {isa = PBXBuildFile; fileRef = B7EB12C721CB898A00C1DEB7 /* User.swift */; };
		B7EB12CB21CB89CF00C1DEB7 /* Game.swift in Sources */ = {isa = PBXBuildFile; fileRef = B7EB12CA21CB89CF00C1DEB7 /* Game.swift */; };
		B7EB12CD21CB9D1000C1DEB7 /* LoginVC-initUI.swift in Sources */ = {isa = PBXBuildFile; fileRef = B7EB12CC21CB9D1000C1DEB7 /* LoginVC-initUI.swift */; };
		B7EB12CF21CBA10E00C1DEB7 /* LoginVC-system.swift in Sources */ = {isa = PBXBuildFile; fileRef = B7EB12CE21CBA10E00C1DEB7 /* LoginVC-system.swift */; };
		B7EB12D121CBA76400C1DEB7 /* LoginVC-logic.swift in Sources */ = {isa = PBXBuildFile; fileRef = B7EB12D021CBA76400C1DEB7 /* LoginVC-logic.swift */; };
		B7EB12D321CBAA7B00C1DEB7 /* SignUpVC-main.swift in Sources */ = {isa = PBXBuildFile; fileRef = B7EB12D221CBAA7B00C1DEB7 /* SignUpVC-main.swift */; };
		B7EB12DA21CC137D00C1DEB7 /* SignUpVC-logic.swift in Sources */ = {isa = PBXBuildFile; fileRef = B7EB12D921CC137D00C1DEB7 /* SignUpVC-logic.swift */; };
/* End PBXBuildFile section */

/* Begin PBXContainerItemProxy section */
		B7EB128421CAEDC200C1DEB7 /* PBXContainerItemProxy */ = {
			isa = PBXContainerItemProxy;
			containerPortal = B7EB126721CAEDC100C1DEB7 /* Project object */;
			proxyType = 1;
			remoteGlobalIDString = B7EB126E21CAEDC100C1DEB7;
			remoteInfo = HidesNight;
		};
		B7EB128F21CAEDC200C1DEB7 /* PBXContainerItemProxy */ = {
			isa = PBXContainerItemProxy;
			containerPortal = B7EB126721CAEDC100C1DEB7 /* Project object */;
			proxyType = 1;
			remoteGlobalIDString = B7EB126E21CAEDC100C1DEB7;
			remoteInfo = HidesNight;
		};
/* End PBXContainerItemProxy section */

/* Begin PBXFileReference section */
		5F8E0FA6BCCAF3B2A9718307 /* Pods_HidesNightTests.framework */ = {isa = PBXFileReference; explicitFileType = wrapper.framework; includeInIndex = 0; path = Pods_HidesNightTests.framework; sourceTree = BUILT_PRODUCTS_DIR; };
		8A999FB6EB8984DAF1891260 /* Pods_HidesNightUITests.framework */ = {isa = PBXFileReference; explicitFileType = wrapper.framework; includeInIndex = 0; path = Pods_HidesNightUITests.framework; sourceTree = BUILT_PRODUCTS_DIR; };
		B70AD54021D8620D004CEDA0 /* overlay.json */ = {isa = PBXFileReference; lastKnownFileType = text.json; path = overlay.json; sourceTree = "<group>"; };
		B70BCACC21D20EB50038BCF1 /* ExtendedUtils.swift */ = {isa = PBXFileReference; lastKnownFileType = sourcecode.swift; path = ExtendedUtils.swift; sourceTree = "<group>"; };
		B70BCACE21D2CE660038BCF1 /* SocialVC-tableview.swift */ = {isa = PBXFileReference; lastKnownFileType = sourcecode.swift; path = "SocialVC-tableview.swift"; sourceTree = "<group>"; };
		B70BCAD021D2D88D0038BCF1 /* FirebaseAPI-game.swift */ = {isa = PBXFileReference; lastKnownFileType = sourcecode.swift; path = "FirebaseAPI-game.swift"; sourceTree = "<group>"; };
		B70BCAD221D2F36C0038BCF1 /* GameCell.swift */ = {isa = PBXFileReference; lastKnownFileType = sourcecode.swift; path = GameCell.swift; sourceTree = "<group>"; };
		B70BCAD421D3040E0038BCF1 /* FriendDetailVC.swift */ = {isa = PBXFileReference; lastKnownFileType = sourcecode.swift; path = FriendDetailVC.swift; sourceTree = "<group>"; };
		B70BCAD721D304E10038BCF1 /* FriendDetailVC-initUI.swift */ = {isa = PBXFileReference; lastKnownFileType = sourcecode.swift; path = "FriendDetailVC-initUI.swift"; sourceTree = "<group>"; };
		B70BCAD921D304ED0038BCF1 /* FriendDetailVC-system.swift */ = {isa = PBXFileReference; lastKnownFileType = sourcecode.swift; path = "FriendDetailVC-system.swift"; sourceTree = "<group>"; };
		B70BCADB21D3055B0038BCF1 /* FriendDetailVC-logic.swift */ = {isa = PBXFileReference; lastKnownFileType = sourcecode.swift; path = "FriendDetailVC-logic.swift"; sourceTree = "<group>"; };
		B70BCADD21D350410038BCF1 /* CreateGameVC-tableview.swift */ = {isa = PBXFileReference; lastKnownFileType = sourcecode.swift; path = "CreateGameVC-tableview.swift"; sourceTree = "<group>"; };
		B70BCADF21D35F0D0038BCF1 /* CreateGameVC-photopicker.swift */ = {isa = PBXFileReference; lastKnownFileType = sourcecode.swift; path = "CreateGameVC-photopicker.swift"; sourceTree = "<group>"; };
		B70BCAE121D370E20038BCF1 /* DateTimeVC.swift */ = {isa = PBXFileReference; lastKnownFileType = sourcecode.swift; path = DateTimeVC.swift; sourceTree = "<group>"; };
		B70BCAE421D454110038BCF1 /* DecisionPickerVC.swift */ = {isa = PBXFileReference; lastKnownFileType = sourcecode.swift; path = DecisionPickerVC.swift; sourceTree = "<group>"; };
		B7229FE521E87E930059B184 /* HidesNight.entitlements */ = {isa = PBXFileReference; lastKnownFileType = text.plist.entitlements; path = HidesNight.entitlements; sourceTree = "<group>"; };
		B7229FE621E8A2B10059B184 /* FirebaseAPI-notifications.swift */ = {isa = PBXFileReference; lastKnownFileType = sourcecode.swift; path = "FirebaseAPI-notifications.swift"; sourceTree = "<group>"; };
		B72BB49F21E6D46F00D9CD8F /* ActiveGameVC-map.swift */ = {isa = PBXFileReference; lastKnownFileType = sourcecode.swift; path = "ActiveGameVC-map.swift"; sourceTree = "<group>"; };
		B72BB4A121E70C6C00D9CD8F /* ActiveGameVC-logic.swift */ = {isa = PBXFileReference; lastKnownFileType = sourcecode.swift; path = "ActiveGameVC-logic.swift"; sourceTree = "<group>"; };
		B72BB4A321E7279400D9CD8F /* ActiveGameVC-segCon.swift */ = {isa = PBXFileReference; lastKnownFileType = sourcecode.swift; path = "ActiveGameVC-segCon.swift"; sourceTree = "<group>"; };
		B72BB4A521E72E1600D9CD8F /* ActiveGameVC-tableview.swift */ = {isa = PBXFileReference; lastKnownFileType = sourcecode.swift; path = "ActiveGameVC-tableview.swift"; sourceTree = "<group>"; };
		B72BB4A721E731F100D9CD8F /* TeamReadOnlyVC.swift */ = {isa = PBXFileReference; lastKnownFileType = sourcecode.swift; path = TeamReadOnlyVC.swift; sourceTree = "<group>"; };
		B72BB4AA21E7338A00D9CD8F /* CountDownCell.swift */ = {isa = PBXFileReference; lastKnownFileType = sourcecode.swift; path = CountDownCell.swift; sourceTree = "<group>"; };
		B730637E21E9736C00F4EF7A /* AppDelegate-notificationHandle.swift */ = {isa = PBXFileReference; lastKnownFileType = sourcecode.swift; path = "AppDelegate-notificationHandle.swift"; sourceTree = "<group>"; };
		B730638021E9938500F4EF7A /* AppDelegate-notificationDesign.swift */ = {isa = PBXFileReference; lastKnownFileType = sourcecode.swift; path = "AppDelegate-notificationDesign.swift"; sourceTree = "<group>"; };
		B731A8A721DCB6D600499798 /* TeamSelectorVC.swift */ = {isa = PBXFileReference; lastKnownFileType = sourcecode.swift; path = TeamSelectorVC.swift; sourceTree = "<group>"; };
		B731A8AC21DCB73D00499798 /* TeamSelectorVC-initUI.swift */ = {isa = PBXFileReference; lastKnownFileType = sourcecode.swift; path = "TeamSelectorVC-initUI.swift"; sourceTree = "<group>"; };
		B731A8B221DCC8A900499798 /* RoundCell.swift */ = {isa = PBXFileReference; lastKnownFileType = sourcecode.swift; path = RoundCell.swift; sourceTree = "<group>"; };
		B737368421D09EE10068FCA1 /* ProfileVC-initUI.swift */ = {isa = PBXFileReference; lastKnownFileType = sourcecode.swift; path = "ProfileVC-initUI.swift"; sourceTree = "<group>"; };
		B737368621D09F490068FCA1 /* ProfileVC-system.swift */ = {isa = PBXFileReference; lastKnownFileType = sourcecode.swift; path = "ProfileVC-system.swift"; sourceTree = "<group>"; };
		B737368821D0A2150068FCA1 /* ProfileVC-logic.swift */ = {isa = PBXFileReference; lastKnownFileType = sourcecode.swift; path = "ProfileVC-logic.swift"; sourceTree = "<group>"; };
		B737368A21D0B44A0068FCA1 /* ProfileVC-photopicker.swift */ = {isa = PBXFileReference; lastKnownFileType = sourcecode.swift; path = "ProfileVC-photopicker.swift"; sourceTree = "<group>"; };
		B737368F21D0BE7E0068FCA1 /* InstructionsVC.swift */ = {isa = PBXFileReference; lastKnownFileType = sourcecode.swift; path = InstructionsVC.swift; sourceTree = "<group>"; };
		B737369121D0BEF60068FCA1 /* InstructionsVC-initUI.swift */ = {isa = PBXFileReference; lastKnownFileType = sourcecode.swift; path = "InstructionsVC-initUI.swift"; sourceTree = "<group>"; };
		B737369321D0BF4C0068FCA1 /* InstructionsVC-system.swift */ = {isa = PBXFileReference; lastKnownFileType = sourcecode.swift; path = "InstructionsVC-system.swift"; sourceTree = "<group>"; };
		B737369921D0C26D0068FCA1 /* InstructionsVC-data.swift */ = {isa = PBXFileReference; lastKnownFileType = sourcecode.swift; path = "InstructionsVC-data.swift"; sourceTree = "<group>"; };
		B73736A021D0D4950068FCA1 /* SlideData.swift */ = {isa = PBXFileReference; lastKnownFileType = sourcecode.swift; path = SlideData.swift; sourceTree = "<group>"; };
		B73736A221D0D8150068FCA1 /* Slide.swift */ = {isa = PBXFileReference; lastKnownFileType = sourcecode.swift; path = Slide.swift; sourceTree = "<group>"; };
		B73736A421D0EF110068FCA1 /* DataNavVC.swift */ = {isa = PBXFileReference; lastKnownFileType = sourcecode.swift; path = DataNavVC.swift; sourceTree = "<group>"; };
		B73736A621D0EF520068FCA1 /* CreateGameVC.swift */ = {isa = PBXFileReference; lastKnownFileType = sourcecode.swift; path = CreateGameVC.swift; sourceTree = "<group>"; };
		B73736A921D0EF960068FCA1 /* CreateGameVC-initUI.swift */ = {isa = PBXFileReference; lastKnownFileType = sourcecode.swift; path = "CreateGameVC-initUI.swift"; sourceTree = "<group>"; };
		B73736AB21D0EFBC0068FCA1 /* CreateGameVC-system.swift */ = {isa = PBXFileReference; lastKnownFileType = sourcecode.swift; path = "CreateGameVC-system.swift"; sourceTree = "<group>"; };
		B73736AD21D0EFE40068FCA1 /* CreateGameVC-logic.swift */ = {isa = PBXFileReference; lastKnownFileType = sourcecode.swift; path = "CreateGameVC-logic.swift"; sourceTree = "<group>"; };
		B75C536A21D1A1770024D027 /* SocialVC.swift */ = {isa = PBXFileReference; lastKnownFileType = sourcecode.swift; path = SocialVC.swift; sourceTree = "<group>"; };
		B75C536E21D1A2120024D027 /* SocialVC-initUI.swift */ = {isa = PBXFileReference; lastKnownFileType = sourcecode.swift; path = "SocialVC-initUI.swift"; sourceTree = "<group>"; };
		B75C537021D1A2250024D027 /* SocialVC-system.swift */ = {isa = PBXFileReference; lastKnownFileType = sourcecode.swift; path = "SocialVC-system.swift"; sourceTree = "<group>"; };
		B75C537221D1A2370024D027 /* SocialVC-logic.swift */ = {isa = PBXFileReference; lastKnownFileType = sourcecode.swift; path = "SocialVC-logic.swift"; sourceTree = "<group>"; };
		B75C537421D1A8460024D027 /* AddFriendVC.swift */ = {isa = PBXFileReference; lastKnownFileType = sourcecode.swift; path = AddFriendVC.swift; sourceTree = "<group>"; };
		B75C537721D1A9660024D027 /* AddFriendVC-initUI.swift */ = {isa = PBXFileReference; lastKnownFileType = sourcecode.swift; path = "AddFriendVC-initUI.swift"; sourceTree = "<group>"; };
		B75C537A21D1A9880024D027 /* AddFriendVC-system.swift */ = {isa = PBXFileReference; lastKnownFileType = sourcecode.swift; path = "AddFriendVC-system.swift"; sourceTree = "<group>"; };
		B75C537C21D1A99B0024D027 /* AddFriendVC-logic.swift */ = {isa = PBXFileReference; lastKnownFileType = sourcecode.swift; path = "AddFriendVC-logic.swift"; sourceTree = "<group>"; };
		B75C537E21D1ED1C0024D027 /* FirebaseAPIClient-social.swift */ = {isa = PBXFileReference; lastKnownFileType = sourcecode.swift; path = "FirebaseAPIClient-social.swift"; sourceTree = "<group>"; };
		B75C538021D1F6160024D027 /* AddFriendVC-tableview.swift */ = {isa = PBXFileReference; lastKnownFileType = sourcecode.swift; path = "AddFriendVC-tableview.swift"; sourceTree = "<group>"; };
		B75C538221D1F94E0024D027 /* PersonCell.swift */ = {isa = PBXFileReference; lastKnownFileType = sourcecode.swift; path = PersonCell.swift; sourceTree = "<group>"; };
		B779FD9921E2EE3400BEFA60 /* Chat.swift */ = {isa = PBXFileReference; lastKnownFileType = sourcecode.swift; path = Chat.swift; sourceTree = "<group>"; };
		B779FD9B21E2F29100BEFA60 /* FirebaseAPI-chat.swift */ = {isa = PBXFileReference; lastKnownFileType = sourcecode.swift; path = "FirebaseAPI-chat.swift"; sourceTree = "<group>"; };
		B779FD9D21E2FCCA00BEFA60 /* ChatVC.swift */ = {isa = PBXFileReference; lastKnownFileType = sourcecode.swift; path = ChatVC.swift; sourceTree = "<group>"; };
		B779FDA021E2FFF500BEFA60 /* ChatVC-initUI.swift */ = {isa = PBXFileReference; lastKnownFileType = sourcecode.swift; path = "ChatVC-initUI.swift"; sourceTree = "<group>"; };
		B779FDA221E2FFFE00BEFA60 /* ChatVC-system.swift */ = {isa = PBXFileReference; lastKnownFileType = sourcecode.swift; path = "ChatVC-system.swift"; sourceTree = "<group>"; };
		B779FDA421E3001000BEFA60 /* ChatVC-logic.swift */ = {isa = PBXFileReference; lastKnownFileType = sourcecode.swift; path = "ChatVC-logic.swift"; sourceTree = "<group>"; };
		B779FDA621E32D9700BEFA60 /* ChatVC-textfield.swift */ = {isa = PBXFileReference; lastKnownFileType = sourcecode.swift; path = "ChatVC-textfield.swift"; sourceTree = "<group>"; };
		B779FDA821E342EE00BEFA60 /* ChatVC-tableview.swift */ = {isa = PBXFileReference; lastKnownFileType = sourcecode.swift; path = "ChatVC-tableview.swift"; sourceTree = "<group>"; };
		B779FDAA21E34E5700BEFA60 /* ChatCell.swift */ = {isa = PBXFileReference; lastKnownFileType = sourcecode.swift; path = ChatCell.swift; sourceTree = "<group>"; };
		B779FDAC21E3764900BEFA60 /* ChatVC-photopicker.swift */ = {isa = PBXFileReference; lastKnownFileType = sourcecode.swift; path = "ChatVC-photopicker.swift"; sourceTree = "<group>"; };
		B779FDAE21E415FC00BEFA60 /* ActiveGameVC.swift */ = {isa = PBXFileReference; lastKnownFileType = sourcecode.swift; path = ActiveGameVC.swift; sourceTree = "<group>"; };
		B779FDB121E4188200BEFA60 /* ActiveGameVC-system.swift */ = {isa = PBXFileReference; lastKnownFileType = sourcecode.swift; path = "ActiveGameVC-system.swift"; sourceTree = "<group>"; };
		B779FDB321E41A3200BEFA60 /* ActiveGameVC-initUI.swift */ = {isa = PBXFileReference; lastKnownFileType = sourcecode.swift; path = "ActiveGameVC-initUI.swift"; sourceTree = "<group>"; };
		B7B14D2621D4DAA4003F8A4C /* DecisionPickerVC-initUI.swift */ = {isa = PBXFileReference; lastKnownFileType = sourcecode.swift; path = "DecisionPickerVC-initUI.swift"; sourceTree = "<group>"; };
		B7B14D2821D4DAD2003F8A4C /* DecisionPickerVC-system.swift */ = {isa = PBXFileReference; lastKnownFileType = sourcecode.swift; path = "DecisionPickerVC-system.swift"; sourceTree = "<group>"; };
		B7B14D2A21D4DB0F003F8A4C /* DecisionPickerVC-data.swift */ = {isa = PBXFileReference; lastKnownFileType = sourcecode.swift; path = "DecisionPickerVC-data.swift"; sourceTree = "<group>"; };
		B7B14D2C21D5D29B003F8A4C /* GamesVC-tableview.swift */ = {isa = PBXFileReference; lastKnownFileType = sourcecode.swift; path = "GamesVC-tableview.swift"; sourceTree = "<group>"; };
		B7B14D2E21D5FC33003F8A4C /* GameDetailVC.swift */ = {isa = PBXFileReference; lastKnownFileType = sourcecode.swift; path = GameDetailVC.swift; sourceTree = "<group>"; };
		B7B14D3121D60337003F8A4C /* GameDetailVC-initUI.swift */ = {isa = PBXFileReference; lastKnownFileType = sourcecode.swift; path = "GameDetailVC-initUI.swift"; sourceTree = "<group>"; };
		B7B14D3321D60344003F8A4C /* GameDetailVC-system.swift */ = {isa = PBXFileReference; lastKnownFileType = sourcecode.swift; path = "GameDetailVC-system.swift"; sourceTree = "<group>"; };
		B7B14D3521D60350003F8A4C /* GameDetailVC-logic.swift */ = {isa = PBXFileReference; lastKnownFileType = sourcecode.swift; path = "GameDetailVC-logic.swift"; sourceTree = "<group>"; };
		B7B14D3721D637E8003F8A4C /* GameDetailVC-segCon.swift */ = {isa = PBXFileReference; lastKnownFileType = sourcecode.swift; path = "GameDetailVC-segCon.swift"; sourceTree = "<group>"; };
		B7B14D3921D63888003F8A4C /* GameDetailVC-tableview.swift */ = {isa = PBXFileReference; lastKnownFileType = sourcecode.swift; path = "GameDetailVC-tableview.swift"; sourceTree = "<group>"; };
		B7B14D3B21D6AED0003F8A4C /* InviteFriendVC.swift */ = {isa = PBXFileReference; lastKnownFileType = sourcecode.swift; path = InviteFriendVC.swift; sourceTree = "<group>"; };
		B7B14D3E21D6AEF0003F8A4C /* InviteFriendVC-initUI.swift */ = {isa = PBXFileReference; lastKnownFileType = sourcecode.swift; path = "InviteFriendVC-initUI.swift"; sourceTree = "<group>"; };
		B7B14D4021D6AF03003F8A4C /* InviteFriendVC-system.swift */ = {isa = PBXFileReference; lastKnownFileType = sourcecode.swift; path = "InviteFriendVC-system.swift"; sourceTree = "<group>"; };
		B7B14D4221D6AF19003F8A4C /* InviteFriendVC-logic.swift */ = {isa = PBXFileReference; lastKnownFileType = sourcecode.swift; path = "InviteFriendVC-logic.swift"; sourceTree = "<group>"; };
		B7B14D4421D6B851003F8A4C /* InviteFriendVC-tableview.swift */ = {isa = PBXFileReference; lastKnownFileType = sourcecode.swift; path = "InviteFriendVC-tableview.swift"; sourceTree = "<group>"; };
		B7B14D4621D70A0E003F8A4C /* InfoController.swift */ = {isa = PBXFileReference; lastKnownFileType = sourcecode.swift; path = InfoController.swift; sourceTree = "<group>"; };
		B7B14D4821D736E7003F8A4C /* Team.swift */ = {isa = PBXFileReference; lastKnownFileType = sourcecode.swift; path = Team.swift; sourceTree = "<group>"; };
		B7B14D4A21D73B91003F8A4C /* TeamDetailVC.swift */ = {isa = PBXFileReference; lastKnownFileType = sourcecode.swift; path = TeamDetailVC.swift; sourceTree = "<group>"; };
		B7B14D4F21D73BC3003F8A4C /* TeamDetailVC-initUI.swift */ = {isa = PBXFileReference; lastKnownFileType = sourcecode.swift; path = "TeamDetailVC-initUI.swift"; sourceTree = "<group>"; };
		B7B14D5121D73BCE003F8A4C /* TeamDetailVC-system.swift */ = {isa = PBXFileReference; lastKnownFileType = sourcecode.swift; path = "TeamDetailVC-system.swift"; sourceTree = "<group>"; };
		B7B14D5321D73BDC003F8A4C /* TeamDetailVC-logic.swift */ = {isa = PBXFileReference; lastKnownFileType = sourcecode.swift; path = "TeamDetailVC-logic.swift"; sourceTree = "<group>"; };
		B7B14D5521D7412B003F8A4C /* TeamDetailVC-photopicker.swift */ = {isa = PBXFileReference; lastKnownFileType = sourcecode.swift; path = "TeamDetailVC-photopicker.swift"; sourceTree = "<group>"; };
		B7B14D5721D76ED8003F8A4C /* TeamMemberSelectVC.swift */ = {isa = PBXFileReference; lastKnownFileType = sourcecode.swift; path = TeamMemberSelectVC.swift; sourceTree = "<group>"; };
		B7B14D5A21D770C0003F8A4C /* TeamMemberSelectVC-initUI.swift */ = {isa = PBXFileReference; lastKnownFileType = sourcecode.swift; path = "TeamMemberSelectVC-initUI.swift"; sourceTree = "<group>"; };
		B7B14D5C21D80F34003F8A4C /* RoundDetailVC.swift */ = {isa = PBXFileReference; lastKnownFileType = sourcecode.swift; path = RoundDetailVC.swift; sourceTree = "<group>"; };
		B7B14D5F21D80F55003F8A4C /* Round.swift */ = {isa = PBXFileReference; lastKnownFileType = sourcecode.swift; path = Round.swift; sourceTree = "<group>"; };
		B7B14D6221D82490003F8A4C /* RoundDetailVC-initUI.swift */ = {isa = PBXFileReference; lastKnownFileType = sourcecode.swift; path = "RoundDetailVC-initUI.swift"; sourceTree = "<group>"; };
		B7B14D6421D8249E003F8A4C /* RoundDetailVC-system.swift */ = {isa = PBXFileReference; lastKnownFileType = sourcecode.swift; path = "RoundDetailVC-system.swift"; sourceTree = "<group>"; };
		B7B14D6621D824B4003F8A4C /* RoundDetailVC-logic.swift */ = {isa = PBXFileReference; lastKnownFileType = sourcecode.swift; path = "RoundDetailVC-logic.swift"; sourceTree = "<group>"; };
		B7B14D6821D829BD003F8A4C /* RoundDetailVC-map.swift */ = {isa = PBXFileReference; lastKnownFileType = sourcecode.swift; path = "RoundDetailVC-map.swift"; sourceTree = "<group>"; };
		B7DE62A021CC18E100AC0113 /* SignUpVC-initUI.swift */ = {isa = PBXFileReference; lastKnownFileType = sourcecode.swift; name = "SignUpVC-initUI.swift"; path = "/Users/ajaymerchia/wkspc/ios/hidesnight/HidesNight/HidesNight/ViewControllers/Onboarding/SignUpScreen/SignUpVC-initUI.swift"; sourceTree = "<absolute>"; };
		B7DE62A221CC1D9800AC0113 /* SignUpVC-system.swift */ = {isa = PBXFileReference; lastKnownFileType = sourcecode.swift; path = "SignUpVC-system.swift"; sourceTree = "<group>"; };
		B7DE62A421CC336600AC0113 /* SignUpVC-photopicker.swift */ = {isa = PBXFileReference; lastKnownFileType = sourcecode.swift; path = "SignUpVC-photopicker.swift"; sourceTree = "<group>"; };
		B7DE62B521CCC39900AC0113 /* LabeledTextField.swift */ = {isa = PBXFileReference; lastKnownFileType = sourcecode.swift; name = LabeledTextField.swift; path = /Users/ajaymerchia/wkspc/ios/hidesnight/HidesNight/HidesNight/Views/LabeledTextField.swift; sourceTree = "<absolute>"; };
		B7DE62B821CCE28A00AC0113 /* ShakingViews.swift */ = {isa = PBXFileReference; lastKnownFileType = sourcecode.swift; path = ShakingViews.swift; sourceTree = "<group>"; };
		B7DE62BA21CCE86000AC0113 /* SignUpVC-validators.swift */ = {isa = PBXFileReference; lastKnownFileType = sourcecode.swift; path = "SignUpVC-validators.swift"; sourceTree = "<group>"; };
		B7DE62BC21CDCD7500AC0113 /* FirebaseReady.swift */ = {isa = PBXFileReference; lastKnownFileType = sourcecode.swift; path = FirebaseReady.swift; sourceTree = "<group>"; };
		B7DE62C121CF351500AC0113 /* GamesVC.swift */ = {isa = PBXFileReference; lastKnownFileType = sourcecode.swift; path = GamesVC.swift; sourceTree = "<group>"; };
		B7DE62C521CF356700AC0113 /* GamesVC-initUI.swift */ = {isa = PBXFileReference; lastKnownFileType = sourcecode.swift; path = "GamesVC-initUI.swift"; sourceTree = "<group>"; };
		B7DE62C721CF357900AC0113 /* GamesVC-system.swift */ = {isa = PBXFileReference; lastKnownFileType = sourcecode.swift; path = "GamesVC-system.swift"; sourceTree = "<group>"; };
		B7DE62C921CF358E00AC0113 /* GamesVC-logic.swift */ = {isa = PBXFileReference; lastKnownFileType = sourcecode.swift; path = "GamesVC-logic.swift"; sourceTree = "<group>"; };
		B7DE62CB21CF36C500AC0113 /* ProfileVC.swift */ = {isa = PBXFileReference; lastKnownFileType = sourcecode.swift; path = ProfileVC.swift; sourceTree = "<group>"; };
		B7DE62CF21CF45C800AC0113 /* TabBarVC.swift */ = {isa = PBXFileReference; lastKnownFileType = sourcecode.swift; path = TabBarVC.swift; sourceTree = "<group>"; };
		B7EB126F21CAEDC100C1DEB7 /* HidesNight.app */ = {isa = PBXFileReference; explicitFileType = wrapper.application; includeInIndex = 0; path = HidesNight.app; sourceTree = BUILT_PRODUCTS_DIR; };
		B7EB127221CAEDC100C1DEB7 /* AppDelegate.swift */ = {isa = PBXFileReference; lastKnownFileType = sourcecode.swift; path = AppDelegate.swift; sourceTree = "<group>"; };
		B7EB127721CAEDC100C1DEB7 /* Base */ = {isa = PBXFileReference; lastKnownFileType = file.storyboard; name = Base; path = Base.lproj/Main.storyboard; sourceTree = "<group>"; };
		B7EB127921CAEDC200C1DEB7 /* Assets.xcassets */ = {isa = PBXFileReference; lastKnownFileType = folder.assetcatalog; path = Assets.xcassets; sourceTree = "<group>"; };
		B7EB127C21CAEDC200C1DEB7 /* Base */ = {isa = PBXFileReference; lastKnownFileType = file.storyboard; name = Base; path = Base.lproj/LaunchScreen.storyboard; sourceTree = "<group>"; };
		B7EB127E21CAEDC200C1DEB7 /* Info.plist */ = {isa = PBXFileReference; lastKnownFileType = text.plist.xml; path = Info.plist; sourceTree = "<group>"; };
		B7EB128321CAEDC200C1DEB7 /* HidesNightTests.xctest */ = {isa = PBXFileReference; explicitFileType = wrapper.cfbundle; includeInIndex = 0; path = HidesNightTests.xctest; sourceTree = BUILT_PRODUCTS_DIR; };
		B7EB128721CAEDC200C1DEB7 /* HidesNightTests.swift */ = {isa = PBXFileReference; lastKnownFileType = sourcecode.swift; path = HidesNightTests.swift; sourceTree = "<group>"; };
		B7EB128921CAEDC200C1DEB7 /* Info.plist */ = {isa = PBXFileReference; lastKnownFileType = text.plist.xml; path = Info.plist; sourceTree = "<group>"; };
		B7EB128E21CAEDC200C1DEB7 /* HidesNightUITests.xctest */ = {isa = PBXFileReference; explicitFileType = wrapper.cfbundle; includeInIndex = 0; path = HidesNightUITests.xctest; sourceTree = BUILT_PRODUCTS_DIR; };
		B7EB129221CAEDC200C1DEB7 /* HidesNightUITests.swift */ = {isa = PBXFileReference; lastKnownFileType = sourcecode.swift; path = HidesNightUITests.swift; sourceTree = "<group>"; };
		B7EB129421CAEDC200C1DEB7 /* Info.plist */ = {isa = PBXFileReference; lastKnownFileType = text.plist.xml; path = Info.plist; sourceTree = "<group>"; };
		B7EB12B521CB3A0D00C1DEB7 /* Constants.swift */ = {isa = PBXFileReference; fileEncoding = 4; lastKnownFileType = sourcecode.swift; name = Constants.swift; path = HidesNight/Resources/Constants.swift; sourceTree = SOURCE_ROOT; };
		B7EB12B921CB3A4900C1DEB7 /* LoginVC-main.swift */ = {isa = PBXFileReference; fileEncoding = 4; lastKnownFileType = sourcecode.swift; name = "LoginVC-main.swift"; path = "HidesNight/ViewControllers/Onboarding/LoginScreen/LoginVC-main.swift"; sourceTree = SOURCE_ROOT; };
		B7EB12BB21CB70E500C1DEB7 /* GoogleService-Info.plist */ = {isa = PBXFileReference; fileEncoding = 4; lastKnownFileType = text.plist.xml; path = "GoogleService-Info.plist"; sourceTree = "<group>"; };
		B7EB12BD21CB74C800C1DEB7 /* LaunchVC.swift */ = {isa = PBXFileReference; lastKnownFileType = sourcecode.swift; path = LaunchVC.swift; sourceTree = "<group>"; };
		B7EB12C121CB814D00C1DEB7 /* luckiest-guy.regular.ttf */ = {isa = PBXFileReference; lastKnownFileType = file; path = "luckiest-guy.regular.ttf"; sourceTree = "<group>"; };
		B7EB12C321CB883B00C1DEB7 /* Launch-logic.swift */ = {isa = PBXFileReference; lastKnownFileType = sourcecode.swift; path = "Launch-logic.swift"; sourceTree = "<group>"; };
		B7EB12C521CB888E00C1DEB7 /* FirebaseAPIClient-account.swift */ = {isa = PBXFileReference; lastKnownFileType = sourcecode.swift; path = "FirebaseAPIClient-account.swift"; sourceTree = "<group>"; };
		B7EB12C721CB898A00C1DEB7 /* User.swift */ = {isa = PBXFileReference; lastKnownFileType = sourcecode.swift; path = User.swift; sourceTree = "<group>"; };
		B7EB12CA21CB89CF00C1DEB7 /* Game.swift */ = {isa = PBXFileReference; lastKnownFileType = sourcecode.swift; path = Game.swift; sourceTree = "<group>"; };
		B7EB12CC21CB9D1000C1DEB7 /* LoginVC-initUI.swift */ = {isa = PBXFileReference; lastKnownFileType = sourcecode.swift; path = "LoginVC-initUI.swift"; sourceTree = "<group>"; };
		B7EB12CE21CBA10E00C1DEB7 /* LoginVC-system.swift */ = {isa = PBXFileReference; lastKnownFileType = sourcecode.swift; path = "LoginVC-system.swift"; sourceTree = "<group>"; };
		B7EB12D021CBA76400C1DEB7 /* LoginVC-logic.swift */ = {isa = PBXFileReference; lastKnownFileType = sourcecode.swift; path = "LoginVC-logic.swift"; sourceTree = "<group>"; };
		B7EB12D221CBAA7B00C1DEB7 /* SignUpVC-main.swift */ = {isa = PBXFileReference; lastKnownFileType = sourcecode.swift; path = "SignUpVC-main.swift"; sourceTree = "<group>"; };
		B7EB12D921CC137D00C1DEB7 /* SignUpVC-logic.swift */ = {isa = PBXFileReference; lastKnownFileType = sourcecode.swift; path = "SignUpVC-logic.swift"; sourceTree = "<group>"; };
		BB83551C7A5051851C018E41 /* Pods-HidesNight.debug.xcconfig */ = {isa = PBXFileReference; includeInIndex = 1; lastKnownFileType = text.xcconfig; name = "Pods-HidesNight.debug.xcconfig"; path = "Pods/Target Support Files/Pods-HidesNight/Pods-HidesNight.debug.xcconfig"; sourceTree = "<group>"; };
		DD9AE1CC1A178A8C1CF1532E /* Pods-HidesNight.release.xcconfig */ = {isa = PBXFileReference; includeInIndex = 1; lastKnownFileType = text.xcconfig; name = "Pods-HidesNight.release.xcconfig"; path = "Pods/Target Support Files/Pods-HidesNight/Pods-HidesNight.release.xcconfig"; sourceTree = "<group>"; };
		E374076B8F5F10F7CF88F2CD /* Pods_HidesNight.framework */ = {isa = PBXFileReference; explicitFileType = wrapper.framework; includeInIndex = 0; path = Pods_HidesNight.framework; sourceTree = BUILT_PRODUCTS_DIR; };
/* End PBXFileReference section */

/* Begin PBXFrameworksBuildPhase section */
		B7EB126C21CAEDC100C1DEB7 /* Frameworks */ = {
			isa = PBXFrameworksBuildPhase;
			buildActionMask = 2147483647;
			files = (
				B510707DB2158DF8CA1855B0 /* Pods_HidesNight.framework in Frameworks */,
			);
			runOnlyForDeploymentPostprocessing = 0;
		};
		B7EB128021CAEDC200C1DEB7 /* Frameworks */ = {
			isa = PBXFrameworksBuildPhase;
			buildActionMask = 2147483647;
			files = (
			);
			runOnlyForDeploymentPostprocessing = 0;
		};
		B7EB128B21CAEDC200C1DEB7 /* Frameworks */ = {
			isa = PBXFrameworksBuildPhase;
			buildActionMask = 2147483647;
			files = (
			);
			runOnlyForDeploymentPostprocessing = 0;
		};
/* End PBXFrameworksBuildPhase section */

/* Begin PBXGroup section */
		1471DDCB8FD30E14E7266DD7 /* Frameworks */ = {
			isa = PBXGroup;
			children = (
				E374076B8F5F10F7CF88F2CD /* Pods_HidesNight.framework */,
				5F8E0FA6BCCAF3B2A9718307 /* Pods_HidesNightTests.framework */,
				8A999FB6EB8984DAF1891260 /* Pods_HidesNightUITests.framework */,
			);
			name = Frameworks;
			sourceTree = "<group>";
		};
		842522D14386A3BCF61676E8 /* Pods */ = {
			isa = PBXGroup;
			children = (
				BB83551C7A5051851C018E41 /* Pods-HidesNight.debug.xcconfig */,
				DD9AE1CC1A178A8C1CF1532E /* Pods-HidesNight.release.xcconfig */,
			);
			name = Pods;
			sourceTree = "<group>";
		};
		B70BCAD621D304150038BCF1 /* FriendDetailVC */ = {
			isa = PBXGroup;
			children = (
				B70BCAD421D3040E0038BCF1 /* FriendDetailVC.swift */,
				B70BCAD721D304E10038BCF1 /* FriendDetailVC-initUI.swift */,
				B70BCAD921D304ED0038BCF1 /* FriendDetailVC-system.swift */,
				B70BCADB21D3055B0038BCF1 /* FriendDetailVC-logic.swift */,
			);
			path = FriendDetailVC;
			sourceTree = "<group>";
		};
		B70BCAE321D370E60038BCF1 /* DateTimeScreen */ = {
			isa = PBXGroup;
			children = (
				B70BCAE121D370E20038BCF1 /* DateTimeVC.swift */,
			);
			path = DateTimeScreen;
			sourceTree = "<group>";
		};
		B70BCAE621D454150038BCF1 /* DecisionPickerScreen */ = {
			isa = PBXGroup;
			children = (
				B70BCAE421D454110038BCF1 /* DecisionPickerVC.swift */,
				B7B14D2621D4DAA4003F8A4C /* DecisionPickerVC-initUI.swift */,
				B7B14D2821D4DAD2003F8A4C /* DecisionPickerVC-system.swift */,
				B7B14D2A21D4DB0F003F8A4C /* DecisionPickerVC-data.swift */,
			);
			path = DecisionPickerScreen;
			sourceTree = "<group>";
		};
		B72BB4A921E731FD00D9CD8F /* TeamReadOnlyVC */ = {
			isa = PBXGroup;
			children = (
				B72BB4A721E731F100D9CD8F /* TeamReadOnlyVC.swift */,
			);
			path = TeamReadOnlyVC;
			sourceTree = "<group>";
		};
		B731A8A921DCB6DC00499798 /* TeamSelectorScreen */ = {
			isa = PBXGroup;
			children = (
				B731A8A721DCB6D600499798 /* TeamSelectorVC.swift */,
				B731A8AC21DCB73D00499798 /* TeamSelectorVC-initUI.swift */,
			);
			path = TeamSelectorScreen;
			sourceTree = "<group>";
		};
		B737368E21D0BD110068FCA1 /* InstructionsScreen */ = {
			isa = PBXGroup;
			children = (
				B737368F21D0BE7E0068FCA1 /* InstructionsVC.swift */,
				B737369121D0BEF60068FCA1 /* InstructionsVC-initUI.swift */,
				B737369321D0BF4C0068FCA1 /* InstructionsVC-system.swift */,
				B737369921D0C26D0068FCA1 /* InstructionsVC-data.swift */,
			);
			path = InstructionsScreen;
			sourceTree = "<group>";
		};
		B73736A821D0EF700068FCA1 /* CreateGameScreen */ = {
			isa = PBXGroup;
			children = (
				B70BCAE621D454150038BCF1 /* DecisionPickerScreen */,
				B70BCAE321D370E60038BCF1 /* DateTimeScreen */,
				B73736A621D0EF520068FCA1 /* CreateGameVC.swift */,
				B73736A921D0EF960068FCA1 /* CreateGameVC-initUI.swift */,
				B70BCADD21D350410038BCF1 /* CreateGameVC-tableview.swift */,
				B73736AB21D0EFBC0068FCA1 /* CreateGameVC-system.swift */,
				B73736AD21D0EFE40068FCA1 /* CreateGameVC-logic.swift */,
				B70BCADF21D35F0D0038BCF1 /* CreateGameVC-photopicker.swift */,
			);
			path = CreateGameScreen;
			sourceTree = "<group>";
		};
		B75C536C21D1A17B0024D027 /* SocialScreen */ = {
			isa = PBXGroup;
			children = (
				B75C536A21D1A1770024D027 /* SocialVC.swift */,
				B75C536E21D1A2120024D027 /* SocialVC-initUI.swift */,
				B70BCACE21D2CE660038BCF1 /* SocialVC-tableview.swift */,
				B75C537021D1A2250024D027 /* SocialVC-system.swift */,
				B75C537221D1A2370024D027 /* SocialVC-logic.swift */,
			);
			path = SocialScreen;
			sourceTree = "<group>";
		};
		B75C536D21D1A1ED0024D027 /* Social */ = {
			isa = PBXGroup;
			children = (
				B75C536C21D1A17B0024D027 /* SocialScreen */,
				B75C537621D1A8490024D027 /* AddFriendScreen */,
				B70BCAD621D304150038BCF1 /* FriendDetailVC */,
			);
			path = Social;
			sourceTree = "<group>";
		};
		B75C537621D1A8490024D027 /* AddFriendScreen */ = {
			isa = PBXGroup;
			children = (
				B75C537421D1A8460024D027 /* AddFriendVC.swift */,
				B75C537721D1A9660024D027 /* AddFriendVC-initUI.swift */,
				B75C537A21D1A9880024D027 /* AddFriendVC-system.swift */,
				B75C538021D1F6160024D027 /* AddFriendVC-tableview.swift */,
				B75C537C21D1A99B0024D027 /* AddFriendVC-logic.swift */,
			);
			path = AddFriendScreen;
			sourceTree = "<group>";
		};
		B779FD9F21E2FCDE00BEFA60 /* Chat */ = {
			isa = PBXGroup;
			children = (
				B779FD9D21E2FCCA00BEFA60 /* ChatVC.swift */,
				B779FDA021E2FFF500BEFA60 /* ChatVC-initUI.swift */,
				B779FDA821E342EE00BEFA60 /* ChatVC-tableview.swift */,
				B779FDA221E2FFFE00BEFA60 /* ChatVC-system.swift */,
				B779FDA621E32D9700BEFA60 /* ChatVC-textfield.swift */,
				B779FDA421E3001000BEFA60 /* ChatVC-logic.swift */,
				B779FDAC21E3764900BEFA60 /* ChatVC-photopicker.swift */,
			);
			path = Chat;
			sourceTree = "<group>";
		};
		B779FDB021E4186700BEFA60 /* ActiveGameScreen */ = {
			isa = PBXGroup;
			children = (
				B779FDAE21E415FC00BEFA60 /* ActiveGameVC.swift */,
				B779FDB321E41A3200BEFA60 /* ActiveGameVC-initUI.swift */,
				B72BB4A521E72E1600D9CD8F /* ActiveGameVC-tableview.swift */,
				B72BB4A321E7279400D9CD8F /* ActiveGameVC-segCon.swift */,
				B779FDB121E4188200BEFA60 /* ActiveGameVC-system.swift */,
				B72BB4A121E70C6C00D9CD8F /* ActiveGameVC-logic.swift */,
				B72BB49F21E6D46F00D9CD8F /* ActiveGameVC-map.swift */,
			);
			path = ActiveGameScreen;
			sourceTree = "<group>";
		};
		B7B14D3021D6031A003F8A4C /* GameDetailScreen */ = {
			isa = PBXGroup;
			children = (
				B7B14D2E21D5FC33003F8A4C /* GameDetailVC.swift */,
				B7B14D3121D60337003F8A4C /* GameDetailVC-initUI.swift */,
				B7B14D3721D637E8003F8A4C /* GameDetailVC-segCon.swift */,
				B7B14D3921D63888003F8A4C /* GameDetailVC-tableview.swift */,
				B7B14D3321D60344003F8A4C /* GameDetailVC-system.swift */,
				B7B14D3521D60350003F8A4C /* GameDetailVC-logic.swift */,
			);
			path = GameDetailScreen;
			sourceTree = "<group>";
		};
		B7B14D3D21D6AED3003F8A4C /* InviteFriendScreen */ = {
			isa = PBXGroup;
			children = (
				B7B14D3B21D6AED0003F8A4C /* InviteFriendVC.swift */,
				B7B14D3E21D6AEF0003F8A4C /* InviteFriendVC-initUI.swift */,
				B7B14D4421D6B851003F8A4C /* InviteFriendVC-tableview.swift */,
				B7B14D4021D6AF03003F8A4C /* InviteFriendVC-system.swift */,
				B7B14D4221D6AF19003F8A4C /* InviteFriendVC-logic.swift */,
			);
			path = InviteFriendScreen;
			sourceTree = "<group>";
		};
		B7B14D4C21D73B99003F8A4C /* TeamDetailScreen */ = {
			isa = PBXGroup;
			children = (
				B7B14D4A21D73B91003F8A4C /* TeamDetailVC.swift */,
				B7B14D4F21D73BC3003F8A4C /* TeamDetailVC-initUI.swift */,
				B7B14D5121D73BCE003F8A4C /* TeamDetailVC-system.swift */,
				B7B14D5321D73BDC003F8A4C /* TeamDetailVC-logic.swift */,
				B7B14D5521D7412B003F8A4C /* TeamDetailVC-photopicker.swift */,
			);
			path = TeamDetailScreen;
			sourceTree = "<group>";
		};
		B7B14D5921D76EE3003F8A4C /* TeamMemberSelectScreen */ = {
			isa = PBXGroup;
			children = (
				B7B14D5721D76ED8003F8A4C /* TeamMemberSelectVC.swift */,
				B7B14D5A21D770C0003F8A4C /* TeamMemberSelectVC-initUI.swift */,
			);
			path = TeamMemberSelectScreen;
			sourceTree = "<group>";
		};
		B7B14D5E21D80F38003F8A4C /* RoundDetailScreen */ = {
			isa = PBXGroup;
			children = (
				B7B14D5C21D80F34003F8A4C /* RoundDetailVC.swift */,
				B7B14D6221D82490003F8A4C /* RoundDetailVC-initUI.swift */,
				B7B14D6821D829BD003F8A4C /* RoundDetailVC-map.swift */,
				B7B14D6421D8249E003F8A4C /* RoundDetailVC-system.swift */,
				B7B14D6621D824B4003F8A4C /* RoundDetailVC-logic.swift */,
			);
			path = RoundDetailScreen;
			sourceTree = "<group>";
		};
		B7B14D6121D82276003F8A4C /* Team Management */ = {
			isa = PBXGroup;
			children = (
				B7B14D4C21D73B99003F8A4C /* TeamDetailScreen */,
				B7B14D5921D76EE3003F8A4C /* TeamMemberSelectScreen */,
			);
			path = "Team Management";
			sourceTree = "<group>";
		};
		B7DE62B721CCC3A500AC0113 /* Views */ = {
			isa = PBXGroup;
			children = (
				B7DE62B521CCC39900AC0113 /* LabeledTextField.swift */,
				B7DE62B821CCE28A00AC0113 /* ShakingViews.swift */,
				B73736A221D0D8150068FCA1 /* Slide.swift */,
				B7B14D4621D70A0E003F8A4C /* InfoController.swift */,
				B75C538221D1F94E0024D027 /* PersonCell.swift */,
				B731A8B221DCC8A900499798 /* RoundCell.swift */,
				B70BCAD221D2F36C0038BCF1 /* GameCell.swift */,
				B779FDAA21E34E5700BEFA60 /* ChatCell.swift */,
				B72BB4AA21E7338A00D9CD8F /* CountDownCell.swift */,
			);
			path = Views;
			sourceTree = "<group>";
		};
		B7DE62BE21CDCD7B00AC0113 /* Protocols */ = {
			isa = PBXGroup;
			children = (
				B7DE62BC21CDCD7500AC0113 /* FirebaseReady.swift */,
			);
			path = Protocols;
			sourceTree = "<group>";
		};
		B7DE62BF21CE0C7200AC0113 /* Helpers */ = {
			isa = PBXGroup;
			children = (
				B7EB12C521CB888E00C1DEB7 /* FirebaseAPIClient-account.swift */,
				B7229FE621E8A2B10059B184 /* FirebaseAPI-notifications.swift */,
				B75C537E21D1ED1C0024D027 /* FirebaseAPIClient-social.swift */,
				B70BCAD021D2D88D0038BCF1 /* FirebaseAPI-game.swift */,
				B779FD9B21E2F29100BEFA60 /* FirebaseAPI-chat.swift */,
			);
			path = Helpers;
			sourceTree = "<group>";
		};
		B7DE62C021CF34F600AC0113 /* Onboarding */ = {
			isa = PBXGroup;
			children = (
				B7EB12BF21CB74CF00C1DEB7 /* LaunchScreen */,
				B7EB12C021CB74E500C1DEB7 /* LoginScreen */,
				B7EB12D421CBAA8300C1DEB7 /* SignUpScreen */,
				B737368E21D0BD110068FCA1 /* InstructionsScreen */,
			);
			path = Onboarding;
			sourceTree = "<group>";
		};
		B7DE62C321CF351C00AC0113 /* Games */ = {
			isa = PBXGroup;
			children = (
				B7DE62C421CF352E00AC0113 /* GamesScreen */,
				B73736A821D0EF700068FCA1 /* CreateGameScreen */,
				B7B14D3021D6031A003F8A4C /* GameDetailScreen */,
				B7B14D3D21D6AED3003F8A4C /* InviteFriendScreen */,
				B7B14D6121D82276003F8A4C /* Team Management */,
				B7B14D5E21D80F38003F8A4C /* RoundDetailScreen */,
				B731A8A921DCB6DC00499798 /* TeamSelectorScreen */,
				B779FDB021E4186700BEFA60 /* ActiveGameScreen */,
				B72BB4A921E731FD00D9CD8F /* TeamReadOnlyVC */,
			);
			path = Games;
			sourceTree = "<group>";
		};
		B7DE62C421CF352E00AC0113 /* GamesScreen */ = {
			isa = PBXGroup;
			children = (
				B7DE62C121CF351500AC0113 /* GamesVC.swift */,
				B7DE62C521CF356700AC0113 /* GamesVC-initUI.swift */,
				B7B14D2C21D5D29B003F8A4C /* GamesVC-tableview.swift */,
				B7DE62C721CF357900AC0113 /* GamesVC-system.swift */,
				B7DE62C921CF358E00AC0113 /* GamesVC-logic.swift */,
			);
			path = GamesScreen;
			sourceTree = "<group>";
		};
		B7DE62CD21CF36C800AC0113 /* Misc */ = {
			isa = PBXGroup;
			children = (
				B7DE62CE21CF36CF00AC0113 /* Profile */,
				B779FD9F21E2FCDE00BEFA60 /* Chat */,
			);
			path = Misc;
			sourceTree = "<group>";
		};
		B7DE62CE21CF36CF00AC0113 /* Profile */ = {
			isa = PBXGroup;
			children = (
				B7DE62CB21CF36C500AC0113 /* ProfileVC.swift */,
				B737368421D09EE10068FCA1 /* ProfileVC-initUI.swift */,
				B737368621D09F490068FCA1 /* ProfileVC-system.swift */,
				B737368821D0A2150068FCA1 /* ProfileVC-logic.swift */,
				B737368A21D0B44A0068FCA1 /* ProfileVC-photopicker.swift */,
			);
			path = Profile;
			sourceTree = "<group>";
		};
		B7EB126621CAEDC100C1DEB7 = {
			isa = PBXGroup;
			children = (
				B7EB127121CAEDC100C1DEB7 /* HidesNight */,
				B7EB128621CAEDC200C1DEB7 /* HidesNightTests */,
				B7EB129121CAEDC200C1DEB7 /* HidesNightUITests */,
				B7EB127021CAEDC100C1DEB7 /* Products */,
				842522D14386A3BCF61676E8 /* Pods */,
				1471DDCB8FD30E14E7266DD7 /* Frameworks */,
			);
			sourceTree = "<group>";
		};
		B7EB127021CAEDC100C1DEB7 /* Products */ = {
			isa = PBXGroup;
			children = (
				B7EB126F21CAEDC100C1DEB7 /* HidesNight.app */,
				B7EB128321CAEDC200C1DEB7 /* HidesNightTests.xctest */,
				B7EB128E21CAEDC200C1DEB7 /* HidesNightUITests.xctest */,
			);
			name = Products;
			sourceTree = "<group>";
		};
		B7EB127121CAEDC100C1DEB7 /* HidesNight */ = {
			isa = PBXGroup;
			children = (
				B7229FE521E87E930059B184 /* HidesNight.entitlements */,
				B7EB127221CAEDC100C1DEB7 /* AppDelegate.swift */,
				B730638021E9938500F4EF7A /* AppDelegate-notificationDesign.swift */,
				B730637E21E9736C00F4EF7A /* AppDelegate-notificationHandle.swift */,
				B7EB127921CAEDC200C1DEB7 /* Assets.xcassets */,
				B7DE62BE21CDCD7B00AC0113 /* Protocols */,
				B7DE62BF21CE0C7200AC0113 /* Helpers */,
				B7EB12C921CB898D00C1DEB7 /* Models */,
				B7DE62B721CCC3A500AC0113 /* Views */,
				B7EB12B221CB36D000C1DEB7 /* Resources */,
				B7EB12B821CB3A2800C1DEB7 /* ViewControllers */,
				B7EB12B721CB3A1600C1DEB7 /* Storyboards */,
				B7EB127E21CAEDC200C1DEB7 /* Info.plist */,
				B70AD54021D8620D004CEDA0 /* overlay.json */,
				B7EB12BB21CB70E500C1DEB7 /* GoogleService-Info.plist */,
			);
			path = HidesNight;
			sourceTree = "<group>";
		};
		B7EB128621CAEDC200C1DEB7 /* HidesNightTests */ = {
			isa = PBXGroup;
			children = (
				B7EB128721CAEDC200C1DEB7 /* HidesNightTests.swift */,
				B7EB128921CAEDC200C1DEB7 /* Info.plist */,
			);
			path = HidesNightTests;
			sourceTree = "<group>";
		};
		B7EB129121CAEDC200C1DEB7 /* HidesNightUITests */ = {
			isa = PBXGroup;
			children = (
				B7EB129221CAEDC200C1DEB7 /* HidesNightUITests.swift */,
				B7EB129421CAEDC200C1DEB7 /* Info.plist */,
			);
			path = HidesNightUITests;
			sourceTree = "<group>";
		};
		B7EB12B221CB36D000C1DEB7 /* Resources */ = {
			isa = PBXGroup;
			children = (
				B7EB12B521CB3A0D00C1DEB7 /* Constants.swift */,
				B70BCACC21D20EB50038BCF1 /* ExtendedUtils.swift */,
				B7EB12C121CB814D00C1DEB7 /* luckiest-guy.regular.ttf */,
			);
			path = Resources;
			sourceTree = "<group>";
		};
		B7EB12B721CB3A1600C1DEB7 /* Storyboards */ = {
			isa = PBXGroup;
			children = (
				B7EB127621CAEDC100C1DEB7 /* Main.storyboard */,
				B7EB127B21CAEDC200C1DEB7 /* LaunchScreen.storyboard */,
			);
			path = Storyboards;
			sourceTree = "<group>";
		};
		B7EB12B821CB3A2800C1DEB7 /* ViewControllers */ = {
			isa = PBXGroup;
			children = (
				B73736A421D0EF110068FCA1 /* DataNavVC.swift */,
				B7DE62CF21CF45C800AC0113 /* TabBarVC.swift */,
				B7DE62C021CF34F600AC0113 /* Onboarding */,
				B7DE62C321CF351C00AC0113 /* Games */,
				B75C536D21D1A1ED0024D027 /* Social */,
				B7DE62CD21CF36C800AC0113 /* Misc */,
			);
			path = ViewControllers;
			sourceTree = "<group>";
		};
		B7EB12BF21CB74CF00C1DEB7 /* LaunchScreen */ = {
			isa = PBXGroup;
			children = (
				B7EB12BD21CB74C800C1DEB7 /* LaunchVC.swift */,
				B7EB12C321CB883B00C1DEB7 /* Launch-logic.swift */,
			);
			path = LaunchScreen;
			sourceTree = "<group>";
		};
		B7EB12C021CB74E500C1DEB7 /* LoginScreen */ = {
			isa = PBXGroup;
			children = (
				B7EB12B921CB3A4900C1DEB7 /* LoginVC-main.swift */,
				B7EB12CC21CB9D1000C1DEB7 /* LoginVC-initUI.swift */,
				B7EB12CE21CBA10E00C1DEB7 /* LoginVC-system.swift */,
				B7EB12D021CBA76400C1DEB7 /* LoginVC-logic.swift */,
			);
			path = LoginScreen;
			sourceTree = "<group>";
		};
		B7EB12C921CB898D00C1DEB7 /* Models */ = {
			isa = PBXGroup;
			children = (
				B7EB12C721CB898A00C1DEB7 /* User.swift */,
				B7EB12CA21CB89CF00C1DEB7 /* Game.swift */,
				B7B14D4821D736E7003F8A4C /* Team.swift */,
				B7B14D5F21D80F55003F8A4C /* Round.swift */,
				B73736A021D0D4950068FCA1 /* SlideData.swift */,
				B779FD9921E2EE3400BEFA60 /* Chat.swift */,
			);
			path = Models;
			sourceTree = "<group>";
		};
		B7EB12D421CBAA8300C1DEB7 /* SignUpScreen */ = {
			isa = PBXGroup;
			children = (
				B7EB12D221CBAA7B00C1DEB7 /* SignUpVC-main.swift */,
				B7DE62A021CC18E100AC0113 /* SignUpVC-initUI.swift */,
				B7DE62A221CC1D9800AC0113 /* SignUpVC-system.swift */,
				B7EB12D921CC137D00C1DEB7 /* SignUpVC-logic.swift */,
				B7DE62BA21CCE86000AC0113 /* SignUpVC-validators.swift */,
				B7DE62A421CC336600AC0113 /* SignUpVC-photopicker.swift */,
			);
			path = SignUpScreen;
			sourceTree = "<group>";
		};
/* End PBXGroup section */

/* Begin PBXNativeTarget section */
		B7EB126E21CAEDC100C1DEB7 /* HidesNight */ = {
			isa = PBXNativeTarget;
			buildConfigurationList = B7EB129721CAEDC200C1DEB7 /* Build configuration list for PBXNativeTarget "HidesNight" */;
			buildPhases = (
				EED6A187BCB6121956E4C8B5 /* [CP] Check Pods Manifest.lock */,
				B7EB126B21CAEDC100C1DEB7 /* Sources */,
				B7EB126C21CAEDC100C1DEB7 /* Frameworks */,
				B7EB126D21CAEDC100C1DEB7 /* Resources */,
				CF21B153F3BEE48B15BA4718 /* [CP] Embed Pods Frameworks */,
			);
			buildRules = (
			);
			dependencies = (
			);
			name = HidesNight;
			productName = HidesNight;
			productReference = B7EB126F21CAEDC100C1DEB7 /* HidesNight.app */;
			productType = "com.apple.product-type.application";
		};
		B7EB128221CAEDC200C1DEB7 /* HidesNightTests */ = {
			isa = PBXNativeTarget;
			buildConfigurationList = B7EB129A21CAEDC200C1DEB7 /* Build configuration list for PBXNativeTarget "HidesNightTests" */;
			buildPhases = (
				B7EB127F21CAEDC200C1DEB7 /* Sources */,
				B7EB128021CAEDC200C1DEB7 /* Frameworks */,
				B7EB128121CAEDC200C1DEB7 /* Resources */,
			);
			buildRules = (
			);
			dependencies = (
				B7EB128521CAEDC200C1DEB7 /* PBXTargetDependency */,
			);
			name = HidesNightTests;
			productName = HidesNightTests;
			productReference = B7EB128321CAEDC200C1DEB7 /* HidesNightTests.xctest */;
			productType = "com.apple.product-type.bundle.unit-test";
		};
		B7EB128D21CAEDC200C1DEB7 /* HidesNightUITests */ = {
			isa = PBXNativeTarget;
			buildConfigurationList = B7EB129D21CAEDC200C1DEB7 /* Build configuration list for PBXNativeTarget "HidesNightUITests" */;
			buildPhases = (
				B7EB128A21CAEDC200C1DEB7 /* Sources */,
				B7EB128B21CAEDC200C1DEB7 /* Frameworks */,
				B7EB128C21CAEDC200C1DEB7 /* Resources */,
			);
			buildRules = (
			);
			dependencies = (
				B7EB129021CAEDC200C1DEB7 /* PBXTargetDependency */,
			);
			name = HidesNightUITests;
			productName = HidesNightUITests;
			productReference = B7EB128E21CAEDC200C1DEB7 /* HidesNightUITests.xctest */;
			productType = "com.apple.product-type.bundle.ui-testing";
		};
/* End PBXNativeTarget section */

/* Begin PBXProject section */
		B7EB126721CAEDC100C1DEB7 /* Project object */ = {
			isa = PBXProject;
			attributes = {
				LastSwiftUpdateCheck = 1010;
				LastUpgradeCheck = 1010;
				ORGANIZATIONNAME = "Ajay Merchia";
				TargetAttributes = {
					B7EB126E21CAEDC100C1DEB7 = {
						CreatedOnToolsVersion = 10.1;
						SystemCapabilities = {
							com.apple.BackgroundModes = {
								enabled = 1;
							};
							com.apple.Push = {
								enabled = 1;
							};
						};
					};
					B7EB128221CAEDC200C1DEB7 = {
						CreatedOnToolsVersion = 10.1;
						TestTargetID = B7EB126E21CAEDC100C1DEB7;
					};
					B7EB128D21CAEDC200C1DEB7 = {
						CreatedOnToolsVersion = 10.1;
						TestTargetID = B7EB126E21CAEDC100C1DEB7;
					};
				};
			};
			buildConfigurationList = B7EB126A21CAEDC100C1DEB7 /* Build configuration list for PBXProject "HidesNight" */;
			compatibilityVersion = "Xcode 9.3";
			developmentRegion = en;
			hasScannedForEncodings = 0;
			knownRegions = (
				en,
				Base,
			);
			mainGroup = B7EB126621CAEDC100C1DEB7;
			productRefGroup = B7EB127021CAEDC100C1DEB7 /* Products */;
			projectDirPath = "";
			projectRoot = "";
			targets = (
				B7EB126E21CAEDC100C1DEB7 /* HidesNight */,
				B7EB128221CAEDC200C1DEB7 /* HidesNightTests */,
				B7EB128D21CAEDC200C1DEB7 /* HidesNightUITests */,
			);
		};
/* End PBXProject section */

/* Begin PBXResourcesBuildPhase section */
		B7EB126D21CAEDC100C1DEB7 /* Resources */ = {
			isa = PBXResourcesBuildPhase;
			buildActionMask = 2147483647;
			files = (
				B7EB127D21CAEDC200C1DEB7 /* LaunchScreen.storyboard in Resources */,
				B7EB12BC21CB70E500C1DEB7 /* GoogleService-Info.plist in Resources */,
				B7EB12C221CB816D00C1DEB7 /* luckiest-guy.regular.ttf in Resources */,
				B7EB127A21CAEDC200C1DEB7 /* Assets.xcassets in Resources */,
				B70AD54121D8644C004CEDA0 /* overlay.json in Resources */,
				B7EB127821CAEDC100C1DEB7 /* Main.storyboard in Resources */,
			);
			runOnlyForDeploymentPostprocessing = 0;
		};
		B7EB128121CAEDC200C1DEB7 /* Resources */ = {
			isa = PBXResourcesBuildPhase;
			buildActionMask = 2147483647;
			files = (
			);
			runOnlyForDeploymentPostprocessing = 0;
		};
		B7EB128C21CAEDC200C1DEB7 /* Resources */ = {
			isa = PBXResourcesBuildPhase;
			buildActionMask = 2147483647;
			files = (
			);
			runOnlyForDeploymentPostprocessing = 0;
		};
/* End PBXResourcesBuildPhase section */

/* Begin PBXShellScriptBuildPhase section */
		CF21B153F3BEE48B15BA4718 /* [CP] Embed Pods Frameworks */ = {
			isa = PBXShellScriptBuildPhase;
			buildActionMask = 2147483647;
			files = (
			);
			inputFileListPaths = (
			);
			inputPaths = (
				"${PODS_ROOT}/Target Support Files/Pods-HidesNight/Pods-HidesNight-frameworks.sh",
				"${BUILT_PRODUCTS_DIR}/Alamofire/Alamofire.framework",
				"${BUILT_PRODUCTS_DIR}/BetterSegmentedControl/BetterSegmentedControl.framework",
				"${BUILT_PRODUCTS_DIR}/ChameleonFramework/ChameleonFramework.framework",
				"${BUILT_PRODUCTS_DIR}/CountdownLabel/CountdownLabel.framework",
				"${BUILT_PRODUCTS_DIR}/FontAwesomeKit/FontAwesomeKit.framework",
				"${BUILT_PRODUCTS_DIR}/GTMSessionFetcher/GTMSessionFetcher.framework",
				"${BUILT_PRODUCTS_DIR}/GoogleUtilities/GoogleUtilities.framework",
				"${BUILT_PRODUCTS_DIR}/HGPlaceholders/HGPlaceholders.framework",
				"${BUILT_PRODUCTS_DIR}/IQKeyboardManager/IQKeyboardManager.framework",
				"${BUILT_PRODUCTS_DIR}/JGProgressHUD/JGProgressHUD.framework",
				"${BUILT_PRODUCTS_DIR}/KeychainAccess/KeychainAccess.framework",
				"${BUILT_PRODUCTS_DIR}/MapKitGoogleStyler/MapKitGoogleStyler.framework",
				"${BUILT_PRODUCTS_DIR}/PDTSimpleCalendar/PDTSimpleCalendar.framework",
				"${BUILT_PRODUCTS_DIR}/Protobuf/Protobuf.framework",
				"${BUILT_PRODUCTS_DIR}/SideMenu/SideMenu.framework",
				"${BUILT_PRODUCTS_DIR}/SkyFloatingLabelTextField/SkyFloatingLabelTextField.framework",
				"${BUILT_PRODUCTS_DIR}/SwiftyJSON/SwiftyJSON.framework",
				"${BUILT_PRODUCTS_DIR}/iosManagers/iosManagers.framework",
				"${BUILT_PRODUCTS_DIR}/leveldb-library/leveldb.framework",
				"${BUILT_PRODUCTS_DIR}/nanopb/nanopb.framework",
			);
			name = "[CP] Embed Pods Frameworks";
			outputFileListPaths = (
			);
			outputPaths = (
				"${TARGET_BUILD_DIR}/${FRAMEWORKS_FOLDER_PATH}/Alamofire.framework",
				"${TARGET_BUILD_DIR}/${FRAMEWORKS_FOLDER_PATH}/BetterSegmentedControl.framework",
				"${TARGET_BUILD_DIR}/${FRAMEWORKS_FOLDER_PATH}/ChameleonFramework.framework",
				"${TARGET_BUILD_DIR}/${FRAMEWORKS_FOLDER_PATH}/CountdownLabel.framework",
				"${TARGET_BUILD_DIR}/${FRAMEWORKS_FOLDER_PATH}/FontAwesomeKit.framework",
				"${TARGET_BUILD_DIR}/${FRAMEWORKS_FOLDER_PATH}/GTMSessionFetcher.framework",
				"${TARGET_BUILD_DIR}/${FRAMEWORKS_FOLDER_PATH}/GoogleUtilities.framework",
				"${TARGET_BUILD_DIR}/${FRAMEWORKS_FOLDER_PATH}/HGPlaceholders.framework",
				"${TARGET_BUILD_DIR}/${FRAMEWORKS_FOLDER_PATH}/IQKeyboardManager.framework",
				"${TARGET_BUILD_DIR}/${FRAMEWORKS_FOLDER_PATH}/JGProgressHUD.framework",
				"${TARGET_BUILD_DIR}/${FRAMEWORKS_FOLDER_PATH}/KeychainAccess.framework",
				"${TARGET_BUILD_DIR}/${FRAMEWORKS_FOLDER_PATH}/MapKitGoogleStyler.framework",
				"${TARGET_BUILD_DIR}/${FRAMEWORKS_FOLDER_PATH}/PDTSimpleCalendar.framework",
				"${TARGET_BUILD_DIR}/${FRAMEWORKS_FOLDER_PATH}/Protobuf.framework",
				"${TARGET_BUILD_DIR}/${FRAMEWORKS_FOLDER_PATH}/SideMenu.framework",
				"${TARGET_BUILD_DIR}/${FRAMEWORKS_FOLDER_PATH}/SkyFloatingLabelTextField.framework",
				"${TARGET_BUILD_DIR}/${FRAMEWORKS_FOLDER_PATH}/SwiftyJSON.framework",
				"${TARGET_BUILD_DIR}/${FRAMEWORKS_FOLDER_PATH}/iosManagers.framework",
				"${TARGET_BUILD_DIR}/${FRAMEWORKS_FOLDER_PATH}/leveldb.framework",
				"${TARGET_BUILD_DIR}/${FRAMEWORKS_FOLDER_PATH}/nanopb.framework",
			);
			runOnlyForDeploymentPostprocessing = 0;
			shellPath = /bin/sh;
			shellScript = "\"${PODS_ROOT}/Target Support Files/Pods-HidesNight/Pods-HidesNight-frameworks.sh\"\n";
			showEnvVarsInLog = 0;
		};
		EED6A187BCB6121956E4C8B5 /* [CP] Check Pods Manifest.lock */ = {
			isa = PBXShellScriptBuildPhase;
			buildActionMask = 2147483647;
			files = (
			);
			inputFileListPaths = (
			);
			inputPaths = (
				"${PODS_PODFILE_DIR_PATH}/Podfile.lock",
				"${PODS_ROOT}/Manifest.lock",
			);
			name = "[CP] Check Pods Manifest.lock";
			outputFileListPaths = (
			);
			outputPaths = (
				"$(DERIVED_FILE_DIR)/Pods-HidesNight-checkManifestLockResult.txt",
			);
			runOnlyForDeploymentPostprocessing = 0;
			shellPath = /bin/sh;
			shellScript = "diff \"${PODS_PODFILE_DIR_PATH}/Podfile.lock\" \"${PODS_ROOT}/Manifest.lock\" > /dev/null\nif [ $? != 0 ] ; then\n    # print error to STDERR\n    echo \"error: The sandbox is not in sync with the Podfile.lock. Run 'pod install' or update your CocoaPods installation.\" >&2\n    exit 1\nfi\n# This output is used by Xcode 'outputs' to avoid re-running this script phase.\necho \"SUCCESS\" > \"${SCRIPT_OUTPUT_FILE_0}\"\n";
			showEnvVarsInLog = 0;
		};
/* End PBXShellScriptBuildPhase section */

/* Begin PBXSourcesBuildPhase section */
		B7EB126B21CAEDC100C1DEB7 /* Sources */ = {
			isa = PBXSourcesBuildPhase;
			buildActionMask = 2147483647;
			files = (
				B779FDB421E41A3200BEFA60 /* ActiveGameVC-initUI.swift in Sources */,
				B7EB12C621CB888E00C1DEB7 /* FirebaseAPIClient-account.swift in Sources */,
				B7B14D5621D7412B003F8A4C /* TeamDetailVC-photopicker.swift in Sources */,
				B75C536B21D1A1770024D027 /* SocialVC.swift in Sources */,
				B7DE62A121CC18E100AC0113 /* SignUpVC-initUI.swift in Sources */,
				B73736A721D0EF520068FCA1 /* CreateGameVC.swift in Sources */,
				B7EB127321CAEDC100C1DEB7 /* AppDelegate.swift in Sources */,
				B779FDB221E4188200BEFA60 /* ActiveGameVC-system.swift in Sources */,
				B70BCACF21D2CE660038BCF1 /* SocialVC-tableview.swift in Sources */,
				B7B14D3421D60344003F8A4C /* GameDetailVC-system.swift in Sources */,
				B779FDAB21E34E5700BEFA60 /* ChatCell.swift in Sources */,
				B75C537F21D1ED1C0024D027 /* FirebaseAPIClient-social.swift in Sources */,
				B7EB12BE21CB74C800C1DEB7 /* LaunchVC.swift in Sources */,
				B73736AA21D0EF960068FCA1 /* CreateGameVC-initUI.swift in Sources */,
				B7DE62C621CF356700AC0113 /* GamesVC-initUI.swift in Sources */,
				B737368721D09F490068FCA1 /* ProfileVC-system.swift in Sources */,
				B73736A121D0D4950068FCA1 /* SlideData.swift in Sources */,
				B70BCAE221D370E20038BCF1 /* DateTimeVC.swift in Sources */,
				B779FDA921E342EE00BEFA60 /* ChatVC-tableview.swift in Sources */,
				B7B14D3F21D6AEF0003F8A4C /* InviteFriendVC-initUI.swift in Sources */,
				B731A8A821DCB6D600499798 /* TeamSelectorVC.swift in Sources */,
				B779FDA521E3001000BEFA60 /* ChatVC-logic.swift in Sources */,
				B779FDA321E2FFFE00BEFA60 /* ChatVC-system.swift in Sources */,
				B70BCACD21D20EB50038BCF1 /* ExtendedUtils.swift in Sources */,
				B70BCAD121D2D88D0038BCF1 /* FirebaseAPI-game.swift in Sources */,
				B7B14D3C21D6AED0003F8A4C /* InviteFriendVC.swift in Sources */,
				B779FDAF21E415FC00BEFA60 /* ActiveGameVC.swift in Sources */,
				B7B14D5D21D80F34003F8A4C /* RoundDetailVC.swift in Sources */,
				B779FDAD21E3764900BEFA60 /* ChatVC-photopicker.swift in Sources */,
				B7B14D4921D736E7003F8A4C /* Team.swift in Sources */,
				B7B14D4321D6AF19003F8A4C /* InviteFriendVC-logic.swift in Sources */,
				B779FD9A21E2EE3400BEFA60 /* Chat.swift in Sources */,
				B7DE62CC21CF36C500AC0113 /* ProfileVC.swift in Sources */,
				B75C537321D1A2370024D027 /* SocialVC-logic.swift in Sources */,
				B7B14D4121D6AF03003F8A4C /* InviteFriendVC-system.swift in Sources */,
				B75C538121D1F6160024D027 /* AddFriendVC-tableview.swift in Sources */,
				B7B14D6721D824B4003F8A4C /* RoundDetailVC-logic.swift in Sources */,
				B7EB12C421CB883B00C1DEB7 /* Launch-logic.swift in Sources */,
				B70BCAD521D3040E0038BCF1 /* FriendDetailVC.swift in Sources */,
				B7B14D6021D80F55003F8A4C /* Round.swift in Sources */,
				B7B14D2D21D5D29B003F8A4C /* GamesVC-tableview.swift in Sources */,
				B737369221D0BEF60068FCA1 /* InstructionsVC-initUI.swift in Sources */,
				B72BB4A621E72E1600D9CD8F /* ActiveGameVC-tableview.swift in Sources */,
				B72BB4AB21E7338A00D9CD8F /* CountDownCell.swift in Sources */,
				B70BCADC21D3055B0038BCF1 /* FriendDetailVC-logic.swift in Sources */,
				B70BCAE521D454110038BCF1 /* DecisionPickerVC.swift in Sources */,
				B7EB12DA21CC137D00C1DEB7 /* SignUpVC-logic.swift in Sources */,
				B72BB4A221E70C6C00D9CD8F /* ActiveGameVC-logic.swift in Sources */,
				B75C537B21D1A9880024D027 /* AddFriendVC-system.swift in Sources */,
				B7B14D5821D76ED8003F8A4C /* TeamMemberSelectVC.swift in Sources */,
				B70BCAE021D35F0D0038BCF1 /* CreateGameVC-photopicker.swift in Sources */,
				B7DE62D021CF45C800AC0113 /* TabBarVC.swift in Sources */,
				B7DE62CA21CF358E00AC0113 /* GamesVC-logic.swift in Sources */,
				B7DE62B921CCE28A00AC0113 /* ShakingViews.swift in Sources */,
				B7B14D2921D4DAD2003F8A4C /* DecisionPickerVC-system.swift in Sources */,
				B7EB12D321CBAA7B00C1DEB7 /* SignUpVC-main.swift in Sources */,
				B75C537121D1A2250024D027 /* SocialVC-system.swift in Sources */,
				B7B14D6521D8249E003F8A4C /* RoundDetailVC-system.swift in Sources */,
				B75C537D21D1A99B0024D027 /* AddFriendVC-logic.swift in Sources */,
				B70BCAD321D2F36C0038BCF1 /* GameCell.swift in Sources */,
				B7B14D3221D60337003F8A4C /* GameDetailVC-initUI.swift in Sources */,
				B73736A321D0D8150068FCA1 /* Slide.swift in Sources */,
				B7DE62B621CCC39900AC0113 /* LabeledTextField.swift in Sources */,
				B7B14D2721D4DAA4003F8A4C /* DecisionPickerVC-initUI.swift in Sources */,
				B73736A521D0EF110068FCA1 /* DataNavVC.swift in Sources */,
				B73736AE21D0EFE40068FCA1 /* CreateGameVC-logic.swift in Sources */,
				B7B14D6921D829BD003F8A4C /* RoundDetailVC-map.swift in Sources */,
				B72BB4A421E7279400D9CD8F /* ActiveGameVC-segCon.swift in Sources */,
				B737369421D0BF4C0068FCA1 /* InstructionsVC-system.swift in Sources */,
				B7B14D5021D73BC3003F8A4C /* TeamDetailVC-initUI.swift in Sources */,
				B7B14D4B21D73B91003F8A4C /* TeamDetailVC.swift in Sources */,
				B7B14D3821D637E8003F8A4C /* GameDetailVC-segCon.swift in Sources */,
				B7EB12B621CB3A0D00C1DEB7 /* Constants.swift in Sources */,
				B72BB4A021E6D46F00D9CD8F /* ActiveGameVC-map.swift in Sources */,
				B7EB12BA21CB3A4900C1DEB7 /* LoginVC-main.swift in Sources */,
				B7DE62A521CC336600AC0113 /* SignUpVC-photopicker.swift in Sources */,
				B75C537821D1A9660024D027 /* AddFriendVC-initUI.swift in Sources */,
				B7B14D5B21D770C0003F8A4C /* TeamMemberSelectVC-initUI.swift in Sources */,
				B737368B21D0B44A0068FCA1 /* ProfileVC-photopicker.swift in Sources */,
				B75C538321D1F94E0024D027 /* PersonCell.swift in Sources */,
				B75C536F21D1A2120024D027 /* SocialVC-initUI.swift in Sources */,
				B7EB12CD21CB9D1000C1DEB7 /* LoginVC-initUI.swift in Sources */,
				B7B14D6321D82490003F8A4C /* RoundDetailVC-initUI.swift in Sources */,
				B7EB12C821CB898A00C1DEB7 /* User.swift in Sources */,
				B70BCADE21D350410038BCF1 /* CreateGameVC-tableview.swift in Sources */,
				B731A8B321DCC8A900499798 /* RoundCell.swift in Sources */,
				B779FD9C21E2F29100BEFA60 /* FirebaseAPI-chat.swift in Sources */,
				B70BCAD821D304E10038BCF1 /* FriendDetailVC-initUI.swift in Sources */,
				B75C537521D1A8460024D027 /* AddFriendVC.swift in Sources */,
				B7DE62BB21CCE86000AC0113 /* SignUpVC-validators.swift in Sources */,
				B7DE62C821CF357900AC0113 /* GamesVC-system.swift in Sources */,
				B779FDA721E32D9700BEFA60 /* ChatVC-textfield.swift in Sources */,
				B70BCADA21D304ED0038BCF1 /* FriendDetailVC-system.swift in Sources */,
				B7B14D2F21D5FC33003F8A4C /* GameDetailVC.swift in Sources */,
				B7229FE721E8A2B10059B184 /* FirebaseAPI-notifications.swift in Sources */,
				B73736AC21D0EFBC0068FCA1 /* CreateGameVC-system.swift in Sources */,
				B779FDA121E2FFF500BEFA60 /* ChatVC-initUI.swift in Sources */,
				B737368521D09EE10068FCA1 /* ProfileVC-initUI.swift in Sources */,
				B7B14D5221D73BCE003F8A4C /* TeamDetailVC-system.swift in Sources */,
				B7EB12CB21CB89CF00C1DEB7 /* Game.swift in Sources */,
				B779FD9E21E2FCCA00BEFA60 /* ChatVC.swift in Sources */,
				B730637F21E9736C00F4EF7A /* AppDelegate-notificationHandle.swift in Sources */,
				B7B14D2B21D4DB0F003F8A4C /* DecisionPickerVC-data.swift in Sources */,
				B7DE62BD21CDCD7500AC0113 /* FirebaseReady.swift in Sources */,
				B737369A21D0C26D0068FCA1 /* InstructionsVC-data.swift in Sources */,
				B7DE62A321CC1D9800AC0113 /* SignUpVC-system.swift in Sources */,
				B7EB12CF21CBA10E00C1DEB7 /* LoginVC-system.swift in Sources */,
				B731A8AD21DCB73D00499798 /* TeamSelectorVC-initUI.swift in Sources */,
				B7B14D4521D6B851003F8A4C /* InviteFriendVC-tableview.swift in Sources */,
				B7DE62C221CF351500AC0113 /* GamesVC.swift in Sources */,
				B7B14D3A21D63888003F8A4C /* GameDetailVC-tableview.swift in Sources */,
				B72BB4A821E731F100D9CD8F /* TeamReadOnlyVC.swift in Sources */,
				B7B14D3621D60350003F8A4C /* GameDetailVC-logic.swift in Sources */,
				B737369021D0BE7E0068FCA1 /* InstructionsVC.swift in Sources */,
				B7EB12D121CBA76400C1DEB7 /* LoginVC-logic.swift in Sources */,
				B7B14D5421D73BDC003F8A4C /* TeamDetailVC-logic.swift in Sources */,
				B737368921D0A2150068FCA1 /* ProfileVC-logic.swift in Sources */,
				B730638121E9938500F4EF7A /* AppDelegate-notificationDesign.swift in Sources */,
				B7B14D4721D70A0E003F8A4C /* InfoController.swift in Sources */,
			);
			runOnlyForDeploymentPostprocessing = 0;
		};
		B7EB127F21CAEDC200C1DEB7 /* Sources */ = {
			isa = PBXSourcesBuildPhase;
			buildActionMask = 2147483647;
			files = (
				B7EB128821CAEDC200C1DEB7 /* HidesNightTests.swift in Sources */,
			);
			runOnlyForDeploymentPostprocessing = 0;
		};
		B7EB128A21CAEDC200C1DEB7 /* Sources */ = {
			isa = PBXSourcesBuildPhase;
			buildActionMask = 2147483647;
			files = (
				B7EB129321CAEDC200C1DEB7 /* HidesNightUITests.swift in Sources */,
			);
			runOnlyForDeploymentPostprocessing = 0;
		};
/* End PBXSourcesBuildPhase section */

/* Begin PBXTargetDependency section */
		B7EB128521CAEDC200C1DEB7 /* PBXTargetDependency */ = {
			isa = PBXTargetDependency;
			target = B7EB126E21CAEDC100C1DEB7 /* HidesNight */;
			targetProxy = B7EB128421CAEDC200C1DEB7 /* PBXContainerItemProxy */;
		};
		B7EB129021CAEDC200C1DEB7 /* PBXTargetDependency */ = {
			isa = PBXTargetDependency;
			target = B7EB126E21CAEDC100C1DEB7 /* HidesNight */;
			targetProxy = B7EB128F21CAEDC200C1DEB7 /* PBXContainerItemProxy */;
		};
/* End PBXTargetDependency section */

/* Begin PBXVariantGroup section */
		B7EB127621CAEDC100C1DEB7 /* Main.storyboard */ = {
			isa = PBXVariantGroup;
			children = (
				B7EB127721CAEDC100C1DEB7 /* Base */,
			);
			name = Main.storyboard;
			sourceTree = "<group>";
		};
		B7EB127B21CAEDC200C1DEB7 /* LaunchScreen.storyboard */ = {
			isa = PBXVariantGroup;
			children = (
				B7EB127C21CAEDC200C1DEB7 /* Base */,
			);
			name = LaunchScreen.storyboard;
			sourceTree = "<group>";
		};
/* End PBXVariantGroup section */

/* Begin XCBuildConfiguration section */
		B7EB129521CAEDC200C1DEB7 /* Debug */ = {
			isa = XCBuildConfiguration;
			buildSettings = {
				ALWAYS_SEARCH_USER_PATHS = NO;
				CLANG_ANALYZER_NONNULL = YES;
				CLANG_ANALYZER_NUMBER_OBJECT_CONVERSION = YES_AGGRESSIVE;
				CLANG_CXX_LANGUAGE_STANDARD = "gnu++14";
				CLANG_CXX_LIBRARY = "libc++";
				CLANG_ENABLE_MODULES = YES;
				CLANG_ENABLE_OBJC_ARC = YES;
				CLANG_ENABLE_OBJC_WEAK = YES;
				CLANG_WARN_BLOCK_CAPTURE_AUTORELEASING = YES;
				CLANG_WARN_BOOL_CONVERSION = YES;
				CLANG_WARN_COMMA = YES;
				CLANG_WARN_CONSTANT_CONVERSION = YES;
				CLANG_WARN_DEPRECATED_OBJC_IMPLEMENTATIONS = YES;
				CLANG_WARN_DIRECT_OBJC_ISA_USAGE = YES_ERROR;
				CLANG_WARN_DOCUMENTATION_COMMENTS = YES;
				CLANG_WARN_EMPTY_BODY = YES;
				CLANG_WARN_ENUM_CONVERSION = YES;
				CLANG_WARN_INFINITE_RECURSION = YES;
				CLANG_WARN_INT_CONVERSION = YES;
				CLANG_WARN_NON_LITERAL_NULL_CONVERSION = YES;
				CLANG_WARN_OBJC_IMPLICIT_RETAIN_SELF = YES;
				CLANG_WARN_OBJC_LITERAL_CONVERSION = YES;
				CLANG_WARN_OBJC_ROOT_CLASS = YES_ERROR;
				CLANG_WARN_RANGE_LOOP_ANALYSIS = YES;
				CLANG_WARN_STRICT_PROTOTYPES = YES;
				CLANG_WARN_SUSPICIOUS_MOVE = YES;
				CLANG_WARN_UNGUARDED_AVAILABILITY = YES_AGGRESSIVE;
				CLANG_WARN_UNREACHABLE_CODE = YES;
				CLANG_WARN__DUPLICATE_METHOD_MATCH = YES;
				CODE_SIGN_IDENTITY = "iPhone Developer";
				COPY_PHASE_STRIP = NO;
				DEBUG_INFORMATION_FORMAT = dwarf;
				ENABLE_STRICT_OBJC_MSGSEND = YES;
				ENABLE_TESTABILITY = YES;
				GCC_C_LANGUAGE_STANDARD = gnu11;
				GCC_DYNAMIC_NO_PIC = NO;
				GCC_NO_COMMON_BLOCKS = YES;
				GCC_OPTIMIZATION_LEVEL = 0;
				GCC_PREPROCESSOR_DEFINITIONS = (
					"DEBUG=1",
					"$(inherited)",
				);
				GCC_WARN_64_TO_32_BIT_CONVERSION = YES;
				GCC_WARN_ABOUT_RETURN_TYPE = YES_ERROR;
				GCC_WARN_UNDECLARED_SELECTOR = YES;
				GCC_WARN_UNINITIALIZED_AUTOS = YES_AGGRESSIVE;
				GCC_WARN_UNUSED_FUNCTION = YES;
				GCC_WARN_UNUSED_VARIABLE = YES;
				IPHONEOS_DEPLOYMENT_TARGET = 12.1;
				MTL_ENABLE_DEBUG_INFO = INCLUDE_SOURCE;
				MTL_FAST_MATH = YES;
				ONLY_ACTIVE_ARCH = YES;
				SDKROOT = iphoneos;
				SWIFT_ACTIVE_COMPILATION_CONDITIONS = DEBUG;
				SWIFT_OPTIMIZATION_LEVEL = "-Onone";
			};
			name = Debug;
		};
		B7EB129621CAEDC200C1DEB7 /* Release */ = {
			isa = XCBuildConfiguration;
			buildSettings = {
				ALWAYS_SEARCH_USER_PATHS = NO;
				CLANG_ANALYZER_NONNULL = YES;
				CLANG_ANALYZER_NUMBER_OBJECT_CONVERSION = YES_AGGRESSIVE;
				CLANG_CXX_LANGUAGE_STANDARD = "gnu++14";
				CLANG_CXX_LIBRARY = "libc++";
				CLANG_ENABLE_MODULES = YES;
				CLANG_ENABLE_OBJC_ARC = YES;
				CLANG_ENABLE_OBJC_WEAK = YES;
				CLANG_WARN_BLOCK_CAPTURE_AUTORELEASING = YES;
				CLANG_WARN_BOOL_CONVERSION = YES;
				CLANG_WARN_COMMA = YES;
				CLANG_WARN_CONSTANT_CONVERSION = YES;
				CLANG_WARN_DEPRECATED_OBJC_IMPLEMENTATIONS = YES;
				CLANG_WARN_DIRECT_OBJC_ISA_USAGE = YES_ERROR;
				CLANG_WARN_DOCUMENTATION_COMMENTS = YES;
				CLANG_WARN_EMPTY_BODY = YES;
				CLANG_WARN_ENUM_CONVERSION = YES;
				CLANG_WARN_INFINITE_RECURSION = YES;
				CLANG_WARN_INT_CONVERSION = YES;
				CLANG_WARN_NON_LITERAL_NULL_CONVERSION = YES;
				CLANG_WARN_OBJC_IMPLICIT_RETAIN_SELF = YES;
				CLANG_WARN_OBJC_LITERAL_CONVERSION = YES;
				CLANG_WARN_OBJC_ROOT_CLASS = YES_ERROR;
				CLANG_WARN_RANGE_LOOP_ANALYSIS = YES;
				CLANG_WARN_STRICT_PROTOTYPES = YES;
				CLANG_WARN_SUSPICIOUS_MOVE = YES;
				CLANG_WARN_UNGUARDED_AVAILABILITY = YES_AGGRESSIVE;
				CLANG_WARN_UNREACHABLE_CODE = YES;
				CLANG_WARN__DUPLICATE_METHOD_MATCH = YES;
				CODE_SIGN_IDENTITY = "iPhone Developer";
				COPY_PHASE_STRIP = NO;
				DEBUG_INFORMATION_FORMAT = "dwarf-with-dsym";
				ENABLE_NS_ASSERTIONS = NO;
				ENABLE_STRICT_OBJC_MSGSEND = YES;
				GCC_C_LANGUAGE_STANDARD = gnu11;
				GCC_NO_COMMON_BLOCKS = YES;
				GCC_WARN_64_TO_32_BIT_CONVERSION = YES;
				GCC_WARN_ABOUT_RETURN_TYPE = YES_ERROR;
				GCC_WARN_UNDECLARED_SELECTOR = YES;
				GCC_WARN_UNINITIALIZED_AUTOS = YES_AGGRESSIVE;
				GCC_WARN_UNUSED_FUNCTION = YES;
				GCC_WARN_UNUSED_VARIABLE = YES;
				IPHONEOS_DEPLOYMENT_TARGET = 12.1;
				MTL_ENABLE_DEBUG_INFO = NO;
				MTL_FAST_MATH = YES;
				SDKROOT = iphoneos;
				SWIFT_COMPILATION_MODE = wholemodule;
				SWIFT_OPTIMIZATION_LEVEL = "-O";
				VALIDATE_PRODUCT = YES;
			};
			name = Release;
		};
		B7EB129821CAEDC200C1DEB7 /* Debug */ = {
			isa = XCBuildConfiguration;
			baseConfigurationReference = BB83551C7A5051851C018E41 /* Pods-HidesNight.debug.xcconfig */;
			buildSettings = {
				ASSETCATALOG_COMPILER_APPICON_NAME = AppIcon;
				CODE_SIGN_ENTITLEMENTS = HidesNight/HidesNight.entitlements;
				CODE_SIGN_STYLE = Automatic;
				DEVELOPMENT_TEAM = Y2JVY29H4R;
				INFOPLIST_FILE = HidesNight/Info.plist;
				LD_RUNPATH_SEARCH_PATHS = (
					"$(inherited)",
					"@executable_path/Frameworks",
				);
				PRODUCT_BUNDLE_IDENTIFIER = mdb.ajaymerchia.HidesNight;
				PRODUCT_NAME = "$(TARGET_NAME)";
				SWIFT_VERSION = 4.2;
				TARGETED_DEVICE_FAMILY = "1,2";
			};
			name = Debug;
		};
		B7EB129921CAEDC200C1DEB7 /* Release */ = {
			isa = XCBuildConfiguration;
			baseConfigurationReference = DD9AE1CC1A178A8C1CF1532E /* Pods-HidesNight.release.xcconfig */;
			buildSettings = {
				ASSETCATALOG_COMPILER_APPICON_NAME = AppIcon;
				CODE_SIGN_ENTITLEMENTS = HidesNight/HidesNight.entitlements;
				CODE_SIGN_STYLE = Automatic;
				DEVELOPMENT_TEAM = Y2JVY29H4R;
				INFOPLIST_FILE = HidesNight/Info.plist;
				LD_RUNPATH_SEARCH_PATHS = (
					"$(inherited)",
					"@executable_path/Frameworks",
				);
				PRODUCT_BUNDLE_IDENTIFIER = mdb.ajaymerchia.HidesNight;
				PRODUCT_NAME = "$(TARGET_NAME)";
				SWIFT_VERSION = 4.2;
				TARGETED_DEVICE_FAMILY = "1,2";
			};
			name = Release;
		};
		B7EB129B21CAEDC200C1DEB7 /* Debug */ = {
			isa = XCBuildConfiguration;
			buildSettings = {
				ALWAYS_EMBED_SWIFT_STANDARD_LIBRARIES = YES;
				BUNDLE_LOADER = "$(TEST_HOST)";
				CODE_SIGN_STYLE = Automatic;
				DEVELOPMENT_TEAM = 9T3JS4TFUB;
				INFOPLIST_FILE = HidesNightTests/Info.plist;
				LD_RUNPATH_SEARCH_PATHS = (
					"$(inherited)",
					"@executable_path/Frameworks",
					"@loader_path/Frameworks",
				);
				PRODUCT_BUNDLE_IDENTIFIER = ajaymerchia.HidesNightTests;
				PRODUCT_NAME = "$(TARGET_NAME)";
				SWIFT_VERSION = 4.2;
				TARGETED_DEVICE_FAMILY = "1,2";
				TEST_HOST = "$(BUILT_PRODUCTS_DIR)/HidesNight.app/HidesNight";
			};
			name = Debug;
		};
		B7EB129C21CAEDC200C1DEB7 /* Release */ = {
			isa = XCBuildConfiguration;
			buildSettings = {
				ALWAYS_EMBED_SWIFT_STANDARD_LIBRARIES = YES;
				BUNDLE_LOADER = "$(TEST_HOST)";
				CODE_SIGN_STYLE = Automatic;
				DEVELOPMENT_TEAM = 9T3JS4TFUB;
				INFOPLIST_FILE = HidesNightTests/Info.plist;
				LD_RUNPATH_SEARCH_PATHS = (
					"$(inherited)",
					"@executable_path/Frameworks",
					"@loader_path/Frameworks",
				);
				PRODUCT_BUNDLE_IDENTIFIER = ajaymerchia.HidesNightTests;
				PRODUCT_NAME = "$(TARGET_NAME)";
				SWIFT_VERSION = 4.2;
				TARGETED_DEVICE_FAMILY = "1,2";
				TEST_HOST = "$(BUILT_PRODUCTS_DIR)/HidesNight.app/HidesNight";
			};
			name = Release;
		};
		B7EB129E21CAEDC200C1DEB7 /* Debug */ = {
			isa = XCBuildConfiguration;
			buildSettings = {
				ALWAYS_EMBED_SWIFT_STANDARD_LIBRARIES = YES;
				CODE_SIGN_STYLE = Automatic;
				DEVELOPMENT_TEAM = 9T3JS4TFUB;
				INFOPLIST_FILE = HidesNightUITests/Info.plist;
				LD_RUNPATH_SEARCH_PATHS = (
					"$(inherited)",
					"@executable_path/Frameworks",
					"@loader_path/Frameworks",
				);
				PRODUCT_BUNDLE_IDENTIFIER = ajaymerchia.HidesNightUITests;
				PRODUCT_NAME = "$(TARGET_NAME)";
				SWIFT_VERSION = 4.2;
				TARGETED_DEVICE_FAMILY = "1,2";
				TEST_TARGET_NAME = HidesNight;
			};
			name = Debug;
		};
		B7EB129F21CAEDC200C1DEB7 /* Release */ = {
			isa = XCBuildConfiguration;
			buildSettings = {
				ALWAYS_EMBED_SWIFT_STANDARD_LIBRARIES = YES;
				CODE_SIGN_STYLE = Automatic;
				DEVELOPMENT_TEAM = 9T3JS4TFUB;
				INFOPLIST_FILE = HidesNightUITests/Info.plist;
				LD_RUNPATH_SEARCH_PATHS = (
					"$(inherited)",
					"@executable_path/Frameworks",
					"@loader_path/Frameworks",
				);
				PRODUCT_BUNDLE_IDENTIFIER = ajaymerchia.HidesNightUITests;
				PRODUCT_NAME = "$(TARGET_NAME)";
				SWIFT_VERSION = 4.2;
				TARGETED_DEVICE_FAMILY = "1,2";
				TEST_TARGET_NAME = HidesNight;
			};
			name = Release;
		};
/* End XCBuildConfiguration section */

/* Begin XCConfigurationList section */
		B7EB126A21CAEDC100C1DEB7 /* Build configuration list for PBXProject "HidesNight" */ = {
			isa = XCConfigurationList;
			buildConfigurations = (
				B7EB129521CAEDC200C1DEB7 /* Debug */,
				B7EB129621CAEDC200C1DEB7 /* Release */,
			);
			defaultConfigurationIsVisible = 0;
			defaultConfigurationName = Release;
		};
		B7EB129721CAEDC200C1DEB7 /* Build configuration list for PBXNativeTarget "HidesNight" */ = {
			isa = XCConfigurationList;
			buildConfigurations = (
				B7EB129821CAEDC200C1DEB7 /* Debug */,
				B7EB129921CAEDC200C1DEB7 /* Release */,
			);
			defaultConfigurationIsVisible = 0;
			defaultConfigurationName = Release;
		};
		B7EB129A21CAEDC200C1DEB7 /* Build configuration list for PBXNativeTarget "HidesNightTests" */ = {
			isa = XCConfigurationList;
			buildConfigurations = (
				B7EB129B21CAEDC200C1DEB7 /* Debug */,
				B7EB129C21CAEDC200C1DEB7 /* Release */,
			);
			defaultConfigurationIsVisible = 0;
			defaultConfigurationName = Release;
		};
		B7EB129D21CAEDC200C1DEB7 /* Build configuration list for PBXNativeTarget "HidesNightUITests" */ = {
			isa = XCConfigurationList;
			buildConfigurations = (
				B7EB129E21CAEDC200C1DEB7 /* Debug */,
				B7EB129F21CAEDC200C1DEB7 /* Release */,
			);
			defaultConfigurationIsVisible = 0;
			defaultConfigurationName = Release;
		};
/* End XCConfigurationList section */
	};
	rootObject = B7EB126721CAEDC100C1DEB7 /* Project object */;
}
